// !$*UTF8*$!
{
	archiveVersion = 1;
	classes = {
	};
	objectVersion = 54;
	objects = {

/* Begin PBXBuildFile section */
		00E356F31AD99517003FC87E /* CarstenzRDemoTests.m in Sources */ = {isa = PBXBuildFile; fileRef = 00E356F21AD99517003FC87E /* CarstenzRDemoTests.m */; };
		030AF162635A4864BAD067F7 /* Fontisto.ttf in Resources */ = {isa = PBXBuildFile; fileRef = E2D2769D31184A22824BF4B4 /* Fontisto.ttf */; };
		074EA48873C647D39AB4FA05 /* Merriweather-Bold.ttf in Resources */ = {isa = PBXBuildFile; fileRef = 92F2F269D70C44F889B478F3 /* Merriweather-Bold.ttf */; };
		0D7A1D9AEBA545CE83CCD2E1 /* Octicons.ttf in Resources */ = {isa = PBXBuildFile; fileRef = 089EA0D74E71428FBF6660A9 /* Octicons.ttf */; };
		13B07FBC1A68108700A75B9A /* AppDelegate.mm in Sources */ = {isa = PBXBuildFile; fileRef = 13B07FB01A68108700A75B9A /* AppDelegate.mm */; };
		13B07FBF1A68108700A75B9A /* Images.xcassets in Resources */ = {isa = PBXBuildFile; fileRef = 13B07FB51A68108700A75B9A /* Images.xcassets */; };
		13B07FC11A68108700A75B9A /* main.m in Sources */ = {isa = PBXBuildFile; fileRef = 13B07FB71A68108700A75B9A /* main.m */; };
		153740E382754F99A8A29235 /* Raleway-ExtraBold.ttf in Resources */ = {isa = PBXBuildFile; fileRef = FBABA3C9E9D54D3EBEA4D310 /* Raleway-ExtraBold.ttf */; };
		173C1994AD1146798F1BEBB6 /* Raleway-MediumItalic.ttf in Resources */ = {isa = PBXBuildFile; fileRef = A44A8491D332429C9AD29283 /* Raleway-MediumItalic.ttf */; };
		1D0279631501480890173CF0 /* Raleway-BoldItalic.ttf in Resources */ = {isa = PBXBuildFile; fileRef = 7B382A98094943F2887CC1E3 /* Raleway-BoldItalic.ttf */; };
		20A4E6C8C48547F4B70FEA82 /* Proxima-NovaBold.ttf in Resources */ = {isa = PBXBuildFile; fileRef = B3FA200528EA40BFB7194503 /* Proxima-NovaBold.ttf */; };
		26140745999544A28F5E5CE0 /* Entypo.ttf in Resources */ = {isa = PBXBuildFile; fileRef = 6BA9F18F7DE84DD08F73957D /* Entypo.ttf */; };
		27DB77F23E2B4298B969508A /* Proxima-NovaLight.ttf in Resources */ = {isa = PBXBuildFile; fileRef = 8C7AAD5C1FE64E8EAC57C402 /* Proxima-NovaLight.ttf */; };
		29B594D676944F9E855988B5 /* Raleway-Bold.ttf in Resources */ = {isa = PBXBuildFile; fileRef = 85E9FED89C5D41038AA279CF /* Raleway-Bold.ttf */; };
		2DB3AD048702464EB35B8F6A /* FontAwesome6_Solid.ttf in Resources */ = {isa = PBXBuildFile; fileRef = 33EDFE8B07AC4EF281D3CE5C /* FontAwesome6_Solid.ttf */; };
		369CE1476558489AAD48C2DD /* Raleway-ExtraLightItalic.ttf in Resources */ = {isa = PBXBuildFile; fileRef = D6B215CA516645A5A060371E /* Raleway-ExtraLightItalic.ttf */; };
		3D2C67EB1308454DBDC85681 /* Foundation.ttf in Resources */ = {isa = PBXBuildFile; fileRef = A15D40A10C1646D7BDE85F8C /* Foundation.ttf */; };
		439F8CFF47744DBB8519C096 /* AntDesign.ttf in Resources */ = {isa = PBXBuildFile; fileRef = 75216DA3EB3E4E19B317B6A8 /* AntDesign.ttf */; };
		4CA42BBB99ED48BC8830C469 /* Roboto-Regular.ttf in Resources */ = {isa = PBXBuildFile; fileRef = CF3DDD32FA884710998049C9 /* Roboto-Regular.ttf */; };
		4EE0A4250F314A9BA4D57BDA /* Roboto-Italic.ttf in Resources */ = {isa = PBXBuildFile; fileRef = 192856E6CF564E36B4289EED /* Roboto-Italic.ttf */; };
		4FCE70FA7B9E41D29B350BEA /* Merriweather-Italic.ttf in Resources */ = {isa = PBXBuildFile; fileRef = E9606031321E49FFAB163DCE /* Merriweather-Italic.ttf */; };
		53A4E9CA3B2A4B8196636C6C /* Roboto-MediumItalic.ttf in Resources */ = {isa = PBXBuildFile; fileRef = 8C2E5985F9FB4E2D97054A15 /* Roboto-MediumItalic.ttf */; };
		5A68D4A596444484A50FFE4D /* Raleway-Regular.ttf in Resources */ = {isa = PBXBuildFile; fileRef = 539F733145C74A88AED11CE8 /* Raleway-Regular.ttf */; };
		5BAA90A83B52420EBBD55D11 /* Ionicons.ttf in Resources */ = {isa = PBXBuildFile; fileRef = B0930473EEE14E0C82915E01 /* Ionicons.ttf */; };
		5C458DE5BECBF00074D27C62 /* libPods-CarstenzRDemo-CarstenzRDemoTests.a in Frameworks */ = {isa = PBXBuildFile; fileRef = C0D3D209E31844CC1336CE2C /* libPods-CarstenzRDemo-CarstenzRDemoTests.a */; };
		5E0335D32CD048DD8E638306 /* Zocial.ttf in Resources */ = {isa = PBXBuildFile; fileRef = A83ED58049834257AE31A2E1 /* Zocial.ttf */; };
		5E5EA8D7AC23436F866C4ECA /* Merriweather-BoldItalic.ttf in Resources */ = {isa = PBXBuildFile; fileRef = 5CE975F5AA4D4871AC686357 /* Merriweather-BoldItalic.ttf */; };
		62EE58F7F00A400793C6CE40 /* Roboto-BlackItalic.ttf in Resources */ = {isa = PBXBuildFile; fileRef = F29DB9F6CF6B480BB6333608 /* Roboto-BlackItalic.ttf */; };
		64D5080350FE6737431AA587 /* libPods-CarstenzRDemo.a in Frameworks */ = {isa = PBXBuildFile; fileRef = A182434C2DAA52F9F70AD12E /* libPods-CarstenzRDemo.a */; };
		65AA08890D03490094DA82BB /* Merriweather-BlackItalic.ttf in Resources */ = {isa = PBXBuildFile; fileRef = 3736D29DE4CC4B748FBA347C /* Merriweather-BlackItalic.ttf */; };
		68E512156AE543C7967CC043 /* Roboto-ThinItalic.ttf in Resources */ = {isa = PBXBuildFile; fileRef = 652388315D30486D8CA024D8 /* Roboto-ThinItalic.ttf */; };
		6B107DF5141B4060A4E8C90C /* FontAwesome5_Regular.ttf in Resources */ = {isa = PBXBuildFile; fileRef = 0A437AB3A4304BFAACE36759 /* FontAwesome5_Regular.ttf */; };
		754C056097C64C089A15F615 /* Roboto-Black.ttf in Resources */ = {isa = PBXBuildFile; fileRef = 4C932946A1324FBBA8E8EF32 /* Roboto-Black.ttf */; };
		770B372DC5F24E11AEE46E43 /* Raleway-Medium.ttf in Resources */ = {isa = PBXBuildFile; fileRef = 3CB1A156C2F64915882BA513 /* Raleway-Medium.ttf */; };
		7A2406D2E67547BE85750543 /* FontAwesome6_Regular.ttf in Resources */ = {isa = PBXBuildFile; fileRef = C46B6509F8FD42E7A230CC90 /* FontAwesome6_Regular.ttf */; };
		7D41BE656CAE43758AE30F3E /* Feather.ttf in Resources */ = {isa = PBXBuildFile; fileRef = A8A81F059FC541E791AC9A3A /* Feather.ttf */; };
		81AB9BB82411601600AC10FF /* LaunchScreen.storyboard in Resources */ = {isa = PBXBuildFile; fileRef = 81AB9BB72411601600AC10FF /* LaunchScreen.storyboard */; };
		857F354C531F475F8C091AB8 /* Raleway-Black.ttf in Resources */ = {isa = PBXBuildFile; fileRef = 191BD8F4840044F98C8361BF /* Raleway-Black.ttf */; };
		8643E2642C5C9C3F00763A43 /* GoogleService-Info.plist in Resources */ = {isa = PBXBuildFile; fileRef = 8643540A2C105D3300C69F68 /* GoogleService-Info.plist */; };
		867AA72E2C5C769D0002425D /* fonts in Resources */ = {isa = PBXBuildFile; fileRef = 867AA72D2C5C769D0002425D /* fonts */; };
		86D6E7342B0E11360031C35D /* Assets.xcassets in Resources */ = {isa = PBXBuildFile; fileRef = 86D6E7332B0E11360031C35D /* Assets.xcassets */; };
		93DDC4A4C132453899CF1EC9 /* ProximaNova-Bold.otf in Resources */ = {isa = PBXBuildFile; fileRef = 1A2D1CD0E24A4C00BBF9D5A3 /* ProximaNova-Bold.otf */; };
		97EAB69816EF45A09C119C8A /* Raleway-LightItalic.ttf in Resources */ = {isa = PBXBuildFile; fileRef = CFB66D2B1E8F4A1798AD04BB /* Raleway-LightItalic.ttf */; };
		9A4D28F453AA4C5FB7792D4A /* KaiseiHarunoUmi-Medium.ttf in Resources */ = {isa = PBXBuildFile; fileRef = 70CDFF70865140568F7C0F69 /* KaiseiHarunoUmi-Medium.ttf */; };
		A28EA98BCC7A4DFC9CF0C2FD /* Raleway-ExtraBoldItalic.ttf in Resources */ = {isa = PBXBuildFile; fileRef = 4CBDB560C80A40A79C22AE7E /* Raleway-ExtraBoldItalic.ttf */; };
		A49C86260F784F3BB6B6638A /* Merriweather-Light.ttf in Resources */ = {isa = PBXBuildFile; fileRef = 8BEF9A4DF6284115889D4BF9 /* Merriweather-Light.ttf */; };
		A837331CCE2548498F613EEA /* Roboto-BoldItalic.ttf in Resources */ = {isa = PBXBuildFile; fileRef = 2FC0B8A8017F467EA391F2DD /* Roboto-BoldItalic.ttf */; };
		A8E8186A62434165A197D1A6 /* Roboto-Light.ttf in Resources */ = {isa = PBXBuildFile; fileRef = A602FDDB096C4EA4BB90180C /* Roboto-Light.ttf */; };
		AAABC86142F04A43B7ACB745 /* Roboto-Thin.ttf in Resources */ = {isa = PBXBuildFile; fileRef = 4FF71FE72F9E482C86F7AE3C /* Roboto-Thin.ttf */; };
		AC1CD3762394487CBF7D2BA8 /* ProximaNovaT-Thin.otf in Resources */ = {isa = PBXBuildFile; fileRef = CD3B90B2A2384A7589531EE0 /* ProximaNovaT-Thin.otf */; };
		AC5FA0AB84D445419638E21A /* Merriweather-Regular.ttf in Resources */ = {isa = PBXBuildFile; fileRef = 5E048F38696E4F36B28CCDCF /* Merriweather-Regular.ttf */; };
		AEBC5B64B2A148F28C8A96C0 /* Raleway-SemiBoldItalic.ttf in Resources */ = {isa = PBXBuildFile; fileRef = 321F4B44106C447CA0B3FD50 /* Raleway-SemiBoldItalic.ttf */; };
		B332FE695F65435DBD844F0A /* FontAwesome5_Solid.ttf in Resources */ = {isa = PBXBuildFile; fileRef = 5237CC9C088743BDA82DFE71 /* FontAwesome5_Solid.ttf */; };
		B80ADFDE40884247AEF0C17F /* Raleway-Thin.ttf in Resources */ = {isa = PBXBuildFile; fileRef = 96A4172D2C2A4580B089EFCF /* Raleway-Thin.ttf */; };
		B97A2ED09614481197ED927E /* Raleway-SemiBold.ttf in Resources */ = {isa = PBXBuildFile; fileRef = F5628A0E4F334CB0AFD8244F /* Raleway-SemiBold.ttf */; };
		BBA5C59B3F0A472BABD11823 /* Roboto-LightItalic.ttf in Resources */ = {isa = PBXBuildFile; fileRef = 204E2DA0FB1A4F5B81DD421D /* Roboto-LightItalic.ttf */; };
		BCD8CDDA236D4D4A9611F6AC /* Merriweather-Black.ttf in Resources */ = {isa = PBXBuildFile; fileRef = 06F61E5E611C4E1AA2898B29 /* Merriweather-Black.ttf */; };
		C28B647904A44D76A407F852 /* Raleway-Light.ttf in Resources */ = {isa = PBXBuildFile; fileRef = A9493FD7FA904128A0CFBDCE /* Raleway-Light.ttf */; };
		C2B061B3330747F49B19EE52 /* Raleway-BlackItalic.ttf in Resources */ = {isa = PBXBuildFile; fileRef = 03481879826F493885E9D195 /* Raleway-BlackItalic.ttf */; };
		C5777B9F4C67447AA2784810 /* Merriweather-LightItalic.ttf in Resources */ = {isa = PBXBuildFile; fileRef = 4ABDEBCB79F54012984B1F22 /* Merriweather-LightItalic.ttf */; };
		C5EB32AA937949F584F28221 /* ProximaNova-Regular.otf in Resources */ = {isa = PBXBuildFile; fileRef = ED436E9F05F34EBC9A7D8C5E /* ProximaNova-Regular.otf */; };
		C6E6618526924BC891D8F737 /* Raleway-ExtraLight.ttf in Resources */ = {isa = PBXBuildFile; fileRef = 94D86CD8EF154FB39B5D1CBD /* Raleway-ExtraLight.ttf */; };
		C8E9D47139A745AEBED04E3D /* FontAwesome.ttf in Resources */ = {isa = PBXBuildFile; fileRef = 597B9DB7A56C477B9882DE52 /* FontAwesome.ttf */; };
		CA186A71D38E4C2285343DEC /* Roboto-Bold.ttf in Resources */ = {isa = PBXBuildFile; fileRef = B3F30298C85F43508E49CC08 /* Roboto-Bold.ttf */; };
		CE4B347929F04D02B83F340D /* ProximaNova-Extrabld.otf in Resources */ = {isa = PBXBuildFile; fileRef = D61B521E35C44D468C62D4B5 /* ProximaNova-Extrabld.otf */; };
		D623D90B4C6C4EA5BBE07AC6 /* ProximaNova-Black.otf in Resources */ = {isa = PBXBuildFile; fileRef = 7F381F4541A645858E15A27F /* ProximaNova-Black.otf */; };
		D76F06DAE0B146CAA6897790 /* Roboto-Medium.ttf in Resources */ = {isa = PBXBuildFile; fileRef = F3BA576C8B2448C7BFF5C718 /* Roboto-Medium.ttf */; };
		D931312CF40449A3A1F59F36 /* Proxima-NovaReg.ttf in Resources */ = {isa = PBXBuildFile; fileRef = 42DBE53E19534AC8AAD3BE2F /* Proxima-NovaReg.ttf */; };
		DAB755E70E30452FAA8F2D5F /* MaterialCommunityIcons.ttf in Resources */ = {isa = PBXBuildFile; fileRef = 53CA59B020D4491B926A58FC /* MaterialCommunityIcons.ttf */; };
		DBF519D8646943D9A307BC5B /* FontAwesome6_Brands.ttf in Resources */ = {isa = PBXBuildFile; fileRef = 1DD180801206462C9467545D /* FontAwesome6_Brands.ttf */; };
		E58935C497EA405C93D3F844 /* SimpleLineIcons.ttf in Resources */ = {isa = PBXBuildFile; fileRef = 2D63A8E547E94864B20B474B /* SimpleLineIcons.ttf */; };
		E6B735AA6F794094AC929282 /* KaiseiHarunoUmi-Bold.ttf in Resources */ = {isa = PBXBuildFile; fileRef = 2AFED2EB45474F82B099BA9E /* KaiseiHarunoUmi-Bold.ttf */; };
		E8DCE163F26E4F17BA6B4837 /* KaiseiHarunoUmi-Regular.ttf in Resources */ = {isa = PBXBuildFile; fileRef = A32C981858A046A789F4C0E5 /* KaiseiHarunoUmi-Regular.ttf */; };
		EFBDC544136C4705840FC8E3 /* MaterialIcons.ttf in Resources */ = {isa = PBXBuildFile; fileRef = 70CBC67211A7436C96FC657D /* MaterialIcons.ttf */; };
		F8613D904EE04C4AB18B413E /* FontAwesome5_Brands.ttf in Resources */ = {isa = PBXBuildFile; fileRef = B29C63A799FF4C579B6496C7 /* FontAwesome5_Brands.ttf */; };
		F89DAD9A6D044CB3A1C64116 /* Raleway-Italic.ttf in Resources */ = {isa = PBXBuildFile; fileRef = D6B925177D054E809B659C82 /* Raleway-Italic.ttf */; };
		F9D6B240494F443FA8529BB3 /* EvilIcons.ttf in Resources */ = {isa = PBXBuildFile; fileRef = 2C962591A79942F286BB5CE5 /* EvilIcons.ttf */; };
		FB693CC5463A419DA2467733 /* Raleway-ThinItalic.ttf in Resources */ = {isa = PBXBuildFile; fileRef = F55160426BFB4139B83E70AC /* Raleway-ThinItalic.ttf */; };
/* End PBXBuildFile section */

/* Begin PBXContainerItemProxy section */
		00E356F41AD99517003FC87E /* PBXContainerItemProxy */ = {
			isa = PBXContainerItemProxy;
			containerPortal = 83CBB9F71A601CBA00E9B192 /* Project object */;
			proxyType = 1;
			remoteGlobalIDString = 13B07F861A680F5B00A75B9A;
			remoteInfo = CarstenzRDemo;
		};
/* End PBXContainerItemProxy section */

/* Begin PBXFileReference section */
		00E356EE1AD99517003FC87E /* CarstenzRDemoTests.xctest */ = {isa = PBXFileReference; explicitFileType = wrapper.cfbundle; includeInIndex = 0; path = CarstenzRDemoTests.xctest; sourceTree = BUILT_PRODUCTS_DIR; };
		00E356F11AD99517003FC87E /* Info.plist */ = {isa = PBXFileReference; lastKnownFileType = text.plist.xml; path = Info.plist; sourceTree = "<group>"; };
		00E356F21AD99517003FC87E /* CarstenzRDemoTests.m */ = {isa = PBXFileReference; lastKnownFileType = sourcecode.c.objc; path = CarstenzRDemoTests.m; sourceTree = "<group>"; };
		03481879826F493885E9D195 /* Raleway-BlackItalic.ttf */ = {isa = PBXFileReference; explicitFileType = undefined; fileEncoding = 9; includeInIndex = 0; lastKnownFileType = unknown; name = "Raleway-BlackItalic.ttf"; path = "../app/assets/fonts/Raleway-BlackItalic.ttf"; sourceTree = "<group>"; };
		06F61E5E611C4E1AA2898B29 /* Merriweather-Black.ttf */ = {isa = PBXFileReference; explicitFileType = undefined; fileEncoding = 9; includeInIndex = 0; lastKnownFileType = unknown; name = "Merriweather-Black.ttf"; path = "../app/assets/fonts/Merriweather-Black.ttf"; sourceTree = "<group>"; };
		089EA0D74E71428FBF6660A9 /* Octicons.ttf */ = {isa = PBXFileReference; explicitFileType = undefined; fileEncoding = 9; includeInIndex = 0; lastKnownFileType = unknown; name = Octicons.ttf; path = ../app/assets/fonts/Octicons.ttf; sourceTree = "<group>"; };
		0A437AB3A4304BFAACE36759 /* FontAwesome5_Regular.ttf */ = {isa = PBXFileReference; explicitFileType = undefined; fileEncoding = 9; includeInIndex = 0; lastKnownFileType = unknown; name = FontAwesome5_Regular.ttf; path = ../app/assets/fonts/FontAwesome5_Regular.ttf; sourceTree = "<group>"; };
		13B07F961A680F5B00A75B9A /* CarstenzRDemo.app */ = {isa = PBXFileReference; explicitFileType = wrapper.application; includeInIndex = 0; path = CarstenzRDemo.app; sourceTree = BUILT_PRODUCTS_DIR; };
		13B07FAF1A68108700A75B9A /* AppDelegate.h */ = {isa = PBXFileReference; fileEncoding = 4; lastKnownFileType = sourcecode.c.h; name = AppDelegate.h; path = CarstenzRDemo/AppDelegate.h; sourceTree = "<group>"; };
		13B07FB01A68108700A75B9A /* AppDelegate.mm */ = {isa = PBXFileReference; fileEncoding = 4; lastKnownFileType = sourcecode.cpp.objcpp; name = AppDelegate.mm; path = CarstenzRDemo/AppDelegate.mm; sourceTree = "<group>"; };
		13B07FB51A68108700A75B9A /* Images.xcassets */ = {isa = PBXFileReference; lastKnownFileType = folder.assetcatalog; name = Images.xcassets; path = CarstenzRDemo/Images.xcassets; sourceTree = "<group>"; };
		13B07FB61A68108700A75B9A /* Info.plist */ = {isa = PBXFileReference; fileEncoding = 4; lastKnownFileType = text.plist.xml; name = Info.plist; path = CarstenzRDemo/Info.plist; sourceTree = "<group>"; };
		13B07FB71A68108700A75B9A /* main.m */ = {isa = PBXFileReference; fileEncoding = 4; lastKnownFileType = sourcecode.c.objc; name = main.m; path = CarstenzRDemo/main.m; sourceTree = "<group>"; };
		16399BE7D658992255A44A34 /* Pods-CarstenzRDemo-CarstenzRDemoTests.debug.xcconfig */ = {isa = PBXFileReference; includeInIndex = 1; lastKnownFileType = text.xcconfig; name = "Pods-CarstenzRDemo-CarstenzRDemoTests.debug.xcconfig"; path = "Target Support Files/Pods-CarstenzRDemo-CarstenzRDemoTests/Pods-CarstenzRDemo-CarstenzRDemoTests.debug.xcconfig"; sourceTree = "<group>"; };
		191BD8F4840044F98C8361BF /* Raleway-Black.ttf */ = {isa = PBXFileReference; explicitFileType = undefined; fileEncoding = 9; includeInIndex = 0; lastKnownFileType = unknown; name = "Raleway-Black.ttf"; path = "../app/assets/fonts/Raleway-Black.ttf"; sourceTree = "<group>"; };
		192856E6CF564E36B4289EED /* Roboto-Italic.ttf */ = {isa = PBXFileReference; explicitFileType = undefined; fileEncoding = 9; includeInIndex = 0; lastKnownFileType = unknown; name = "Roboto-Italic.ttf"; path = "../app/assets/fonts/Roboto-Italic.ttf"; sourceTree = "<group>"; };
		1A2D1CD0E24A4C00BBF9D5A3 /* ProximaNova-Bold.otf */ = {isa = PBXFileReference; explicitFileType = undefined; fileEncoding = 9; includeInIndex = 0; lastKnownFileType = unknown; name = "ProximaNova-Bold.otf"; path = "../app/assets/fonts/ProximaNova-Bold.otf"; sourceTree = "<group>"; };
		1DD180801206462C9467545D /* FontAwesome6_Brands.ttf */ = {isa = PBXFileReference; explicitFileType = undefined; fileEncoding = 9; includeInIndex = 0; lastKnownFileType = unknown; name = FontAwesome6_Brands.ttf; path = ../app/assets/fonts/FontAwesome6_Brands.ttf; sourceTree = "<group>"; };
		204E2DA0FB1A4F5B81DD421D /* Roboto-LightItalic.ttf */ = {isa = PBXFileReference; explicitFileType = undefined; fileEncoding = 9; includeInIndex = 0; lastKnownFileType = unknown; name = "Roboto-LightItalic.ttf"; path = "../app/assets/fonts/Roboto-LightItalic.ttf"; sourceTree = "<group>"; };
		2AFED2EB45474F82B099BA9E /* KaiseiHarunoUmi-Bold.ttf */ = {isa = PBXFileReference; explicitFileType = undefined; fileEncoding = 9; includeInIndex = 0; lastKnownFileType = unknown; name = "KaiseiHarunoUmi-Bold.ttf"; path = "../app/assets/fonts/KaiseiHarunoUmi-Bold.ttf"; sourceTree = "<group>"; };
		2C962591A79942F286BB5CE5 /* EvilIcons.ttf */ = {isa = PBXFileReference; explicitFileType = undefined; fileEncoding = 9; includeInIndex = 0; lastKnownFileType = unknown; name = EvilIcons.ttf; path = ../app/assets/fonts/EvilIcons.ttf; sourceTree = "<group>"; };
		2D63A8E547E94864B20B474B /* SimpleLineIcons.ttf */ = {isa = PBXFileReference; explicitFileType = undefined; fileEncoding = 9; includeInIndex = 0; lastKnownFileType = unknown; name = SimpleLineIcons.ttf; path = ../app/assets/fonts/SimpleLineIcons.ttf; sourceTree = "<group>"; };
		2FC0B8A8017F467EA391F2DD /* Roboto-BoldItalic.ttf */ = {isa = PBXFileReference; explicitFileType = undefined; fileEncoding = 9; includeInIndex = 0; lastKnownFileType = unknown; name = "Roboto-BoldItalic.ttf"; path = "../app/assets/fonts/Roboto-BoldItalic.ttf"; sourceTree = "<group>"; };
		321F4B44106C447CA0B3FD50 /* Raleway-SemiBoldItalic.ttf */ = {isa = PBXFileReference; explicitFileType = undefined; fileEncoding = 9; includeInIndex = 0; lastKnownFileType = unknown; name = "Raleway-SemiBoldItalic.ttf"; path = "../app/assets/fonts/Raleway-SemiBoldItalic.ttf"; sourceTree = "<group>"; };
		33EDFE8B07AC4EF281D3CE5C /* FontAwesome6_Solid.ttf */ = {isa = PBXFileReference; explicitFileType = undefined; fileEncoding = 9; includeInIndex = 0; lastKnownFileType = unknown; name = FontAwesome6_Solid.ttf; path = ../app/assets/fonts/FontAwesome6_Solid.ttf; sourceTree = "<group>"; };
		3736D29DE4CC4B748FBA347C /* Merriweather-BlackItalic.ttf */ = {isa = PBXFileReference; explicitFileType = undefined; fileEncoding = 9; includeInIndex = 0; lastKnownFileType = unknown; name = "Merriweather-BlackItalic.ttf"; path = "../app/assets/fonts/Merriweather-BlackItalic.ttf"; sourceTree = "<group>"; };
		3CB1A156C2F64915882BA513 /* Raleway-Medium.ttf */ = {isa = PBXFileReference; explicitFileType = undefined; fileEncoding = 9; includeInIndex = 0; lastKnownFileType = unknown; name = "Raleway-Medium.ttf"; path = "../app/assets/fonts/Raleway-Medium.ttf"; sourceTree = "<group>"; };
		42DBE53E19534AC8AAD3BE2F /* Proxima-NovaReg.ttf */ = {isa = PBXFileReference; explicitFileType = undefined; fileEncoding = 9; includeInIndex = 0; lastKnownFileType = unknown; name = "Proxima-NovaReg.ttf"; path = "../app/assets/fonts/Proxima-NovaReg.ttf"; sourceTree = "<group>"; };
		4ABDEBCB79F54012984B1F22 /* Merriweather-LightItalic.ttf */ = {isa = PBXFileReference; explicitFileType = undefined; fileEncoding = 9; includeInIndex = 0; lastKnownFileType = unknown; name = "Merriweather-LightItalic.ttf"; path = "../app/assets/fonts/Merriweather-LightItalic.ttf"; sourceTree = "<group>"; };
		4C932946A1324FBBA8E8EF32 /* Roboto-Black.ttf */ = {isa = PBXFileReference; explicitFileType = undefined; fileEncoding = 9; includeInIndex = 0; lastKnownFileType = unknown; name = "Roboto-Black.ttf"; path = "../app/assets/fonts/Roboto-Black.ttf"; sourceTree = "<group>"; };
		4CBDB560C80A40A79C22AE7E /* Raleway-ExtraBoldItalic.ttf */ = {isa = PBXFileReference; explicitFileType = undefined; fileEncoding = 9; includeInIndex = 0; lastKnownFileType = unknown; name = "Raleway-ExtraBoldItalic.ttf"; path = "../app/assets/fonts/Raleway-ExtraBoldItalic.ttf"; sourceTree = "<group>"; };
		4FF71FE72F9E482C86F7AE3C /* Roboto-Thin.ttf */ = {isa = PBXFileReference; explicitFileType = undefined; fileEncoding = 9; includeInIndex = 0; lastKnownFileType = unknown; name = "Roboto-Thin.ttf"; path = "../app/assets/fonts/Roboto-Thin.ttf"; sourceTree = "<group>"; };
		5237CC9C088743BDA82DFE71 /* FontAwesome5_Solid.ttf */ = {isa = PBXFileReference; explicitFileType = undefined; fileEncoding = 9; includeInIndex = 0; lastKnownFileType = unknown; name = FontAwesome5_Solid.ttf; path = ../app/assets/fonts/FontAwesome5_Solid.ttf; sourceTree = "<group>"; };
		539F733145C74A88AED11CE8 /* Raleway-Regular.ttf */ = {isa = PBXFileReference; explicitFileType = undefined; fileEncoding = 9; includeInIndex = 0; lastKnownFileType = unknown; name = "Raleway-Regular.ttf"; path = "../app/assets/fonts/Raleway-Regular.ttf"; sourceTree = "<group>"; };
		53CA59B020D4491B926A58FC /* MaterialCommunityIcons.ttf */ = {isa = PBXFileReference; explicitFileType = undefined; fileEncoding = 9; includeInIndex = 0; lastKnownFileType = unknown; name = MaterialCommunityIcons.ttf; path = ../app/assets/fonts/MaterialCommunityIcons.ttf; sourceTree = "<group>"; };
		597B9DB7A56C477B9882DE52 /* FontAwesome.ttf */ = {isa = PBXFileReference; explicitFileType = undefined; fileEncoding = 9; includeInIndex = 0; lastKnownFileType = unknown; name = FontAwesome.ttf; path = ../app/assets/fonts/FontAwesome.ttf; sourceTree = "<group>"; };
		5CE975F5AA4D4871AC686357 /* Merriweather-BoldItalic.ttf */ = {isa = PBXFileReference; explicitFileType = undefined; fileEncoding = 9; includeInIndex = 0; lastKnownFileType = unknown; name = "Merriweather-BoldItalic.ttf"; path = "../app/assets/fonts/Merriweather-BoldItalic.ttf"; sourceTree = "<group>"; };
		5E048F38696E4F36B28CCDCF /* Merriweather-Regular.ttf */ = {isa = PBXFileReference; explicitFileType = undefined; fileEncoding = 9; includeInIndex = 0; lastKnownFileType = unknown; name = "Merriweather-Regular.ttf"; path = "../app/assets/fonts/Merriweather-Regular.ttf"; sourceTree = "<group>"; };
		652388315D30486D8CA024D8 /* Roboto-ThinItalic.ttf */ = {isa = PBXFileReference; explicitFileType = undefined; fileEncoding = 9; includeInIndex = 0; lastKnownFileType = unknown; name = "Roboto-ThinItalic.ttf"; path = "../app/assets/fonts/Roboto-ThinItalic.ttf"; sourceTree = "<group>"; };
		6BA9F18F7DE84DD08F73957D /* Entypo.ttf */ = {isa = PBXFileReference; explicitFileType = undefined; fileEncoding = 9; includeInIndex = 0; lastKnownFileType = unknown; name = Entypo.ttf; path = ../app/assets/fonts/Entypo.ttf; sourceTree = "<group>"; };
		70CBC67211A7436C96FC657D /* MaterialIcons.ttf */ = {isa = PBXFileReference; explicitFileType = undefined; fileEncoding = 9; includeInIndex = 0; lastKnownFileType = unknown; name = MaterialIcons.ttf; path = ../app/assets/fonts/MaterialIcons.ttf; sourceTree = "<group>"; };
		70CDFF70865140568F7C0F69 /* KaiseiHarunoUmi-Medium.ttf */ = {isa = PBXFileReference; explicitFileType = undefined; fileEncoding = 9; includeInIndex = 0; lastKnownFileType = unknown; name = "KaiseiHarunoUmi-Medium.ttf"; path = "../app/assets/fonts/KaiseiHarunoUmi-Medium.ttf"; sourceTree = "<group>"; };
		75216DA3EB3E4E19B317B6A8 /* AntDesign.ttf */ = {isa = PBXFileReference; explicitFileType = undefined; fileEncoding = 9; includeInIndex = 0; lastKnownFileType = unknown; name = AntDesign.ttf; path = ../app/assets/fonts/AntDesign.ttf; sourceTree = "<group>"; };
		7B382A98094943F2887CC1E3 /* Raleway-BoldItalic.ttf */ = {isa = PBXFileReference; explicitFileType = undefined; fileEncoding = 9; includeInIndex = 0; lastKnownFileType = unknown; name = "Raleway-BoldItalic.ttf"; path = "../app/assets/fonts/Raleway-BoldItalic.ttf"; sourceTree = "<group>"; };
		7F381F4541A645858E15A27F /* ProximaNova-Black.otf */ = {isa = PBXFileReference; explicitFileType = undefined; fileEncoding = 9; includeInIndex = 0; lastKnownFileType = unknown; name = "ProximaNova-Black.otf"; path = "../app/assets/fonts/ProximaNova-Black.otf"; sourceTree = "<group>"; };
		81AB9BB72411601600AC10FF /* LaunchScreen.storyboard */ = {isa = PBXFileReference; fileEncoding = 4; lastKnownFileType = file.storyboard; name = LaunchScreen.storyboard; path = CarstenzRDemo/LaunchScreen.storyboard; sourceTree = "<group>"; };
		85E9FED89C5D41038AA279CF /* Raleway-Bold.ttf */ = {isa = PBXFileReference; explicitFileType = undefined; fileEncoding = 9; includeInIndex = 0; lastKnownFileType = unknown; name = "Raleway-Bold.ttf"; path = "../app/assets/fonts/Raleway-Bold.ttf"; sourceTree = "<group>"; };
		8643540A2C105D3300C69F68 /* GoogleService-Info.plist */ = {isa = PBXFileReference; fileEncoding = 4; lastKnownFileType = text.plist.xml; path = "GoogleService-Info.plist"; sourceTree = "<group>"; };
		8660DDD92C17E77600D24D4A /* FontAwesome5_Brands.ttf */ = {isa = PBXFileReference; lastKnownFileType = file; path = FontAwesome5_Brands.ttf; sourceTree = "<group>"; };
		8660DDDD2C17E7AA00D24D4A /* FontAwesome6_Brands.ttf */ = {isa = PBXFileReference; lastKnownFileType = file; path = FontAwesome6_Brands.ttf; sourceTree = "<group>"; };
		8660DDDE2C17E7AA00D24D4A /* FontAwesome6_Regular.ttf */ = {isa = PBXFileReference; lastKnownFileType = file; path = FontAwesome6_Regular.ttf; sourceTree = "<group>"; };
		867AA72D2C5C769D0002425D /* fonts */ = {isa = PBXFileReference; lastKnownFileType = folder; name = fonts; path = ../app/assets/fonts; sourceTree = "<group>"; };
		86D6E7332B0E11360031C35D /* Assets.xcassets */ = {isa = PBXFileReference; lastKnownFileType = folder.assetcatalog; name = Assets.xcassets; path = CarstenzRDemo/Assets.xcassets; sourceTree = "<group>"; };
		8BEF9A4DF6284115889D4BF9 /* Merriweather-Light.ttf */ = {isa = PBXFileReference; explicitFileType = undefined; fileEncoding = 9; includeInIndex = 0; lastKnownFileType = unknown; name = "Merriweather-Light.ttf"; path = "../app/assets/fonts/Merriweather-Light.ttf"; sourceTree = "<group>"; };
		8C2E5985F9FB4E2D97054A15 /* Roboto-MediumItalic.ttf */ = {isa = PBXFileReference; explicitFileType = undefined; fileEncoding = 9; includeInIndex = 0; lastKnownFileType = unknown; name = "Roboto-MediumItalic.ttf"; path = "../app/assets/fonts/Roboto-MediumItalic.ttf"; sourceTree = "<group>"; };
		8C7AAD5C1FE64E8EAC57C402 /* Proxima-NovaLight.ttf */ = {isa = PBXFileReference; explicitFileType = undefined; fileEncoding = 9; includeInIndex = 0; lastKnownFileType = unknown; name = "Proxima-NovaLight.ttf"; path = "../app/assets/fonts/Proxima-NovaLight.ttf"; sourceTree = "<group>"; };
		92C259E4A1A0F5366D5E3222 /* Pods-CarstenzRDemo-CarstenzRDemoTests.release.xcconfig */ = {isa = PBXFileReference; includeInIndex = 1; lastKnownFileType = text.xcconfig; name = "Pods-CarstenzRDemo-CarstenzRDemoTests.release.xcconfig"; path = "Target Support Files/Pods-CarstenzRDemo-CarstenzRDemoTests/Pods-CarstenzRDemo-CarstenzRDemoTests.release.xcconfig"; sourceTree = "<group>"; };
		92F2F269D70C44F889B478F3 /* Merriweather-Bold.ttf */ = {isa = PBXFileReference; explicitFileType = undefined; fileEncoding = 9; includeInIndex = 0; lastKnownFileType = unknown; name = "Merriweather-Bold.ttf"; path = "../app/assets/fonts/Merriweather-Bold.ttf"; sourceTree = "<group>"; };
		94D86CD8EF154FB39B5D1CBD /* Raleway-ExtraLight.ttf */ = {isa = PBXFileReference; explicitFileType = undefined; fileEncoding = 9; includeInIndex = 0; lastKnownFileType = unknown; name = "Raleway-ExtraLight.ttf"; path = "../app/assets/fonts/Raleway-ExtraLight.ttf"; sourceTree = "<group>"; };
		96A4172D2C2A4580B089EFCF /* Raleway-Thin.ttf */ = {isa = PBXFileReference; explicitFileType = undefined; fileEncoding = 9; includeInIndex = 0; lastKnownFileType = unknown; name = "Raleway-Thin.ttf"; path = "../app/assets/fonts/Raleway-Thin.ttf"; sourceTree = "<group>"; };
		A15D40A10C1646D7BDE85F8C /* Foundation.ttf */ = {isa = PBXFileReference; explicitFileType = undefined; fileEncoding = 9; includeInIndex = 0; lastKnownFileType = unknown; name = Foundation.ttf; path = ../app/assets/fonts/Foundation.ttf; sourceTree = "<group>"; };
		A182434C2DAA52F9F70AD12E /* libPods-CarstenzRDemo.a */ = {isa = PBXFileReference; explicitFileType = archive.ar; includeInIndex = 0; path = "libPods-CarstenzRDemo.a"; sourceTree = BUILT_PRODUCTS_DIR; };
		A32C981858A046A789F4C0E5 /* KaiseiHarunoUmi-Regular.ttf */ = {isa = PBXFileReference; explicitFileType = undefined; fileEncoding = 9; includeInIndex = 0; lastKnownFileType = unknown; name = "KaiseiHarunoUmi-Regular.ttf"; path = "../app/assets/fonts/KaiseiHarunoUmi-Regular.ttf"; sourceTree = "<group>"; };
		A44A8491D332429C9AD29283 /* Raleway-MediumItalic.ttf */ = {isa = PBXFileReference; explicitFileType = undefined; fileEncoding = 9; includeInIndex = 0; lastKnownFileType = unknown; name = "Raleway-MediumItalic.ttf"; path = "../app/assets/fonts/Raleway-MediumItalic.ttf"; sourceTree = "<group>"; };
		A602FDDB096C4EA4BB90180C /* Roboto-Light.ttf */ = {isa = PBXFileReference; explicitFileType = undefined; fileEncoding = 9; includeInIndex = 0; lastKnownFileType = unknown; name = "Roboto-Light.ttf"; path = "../app/assets/fonts/Roboto-Light.ttf"; sourceTree = "<group>"; };
		A83ED58049834257AE31A2E1 /* Zocial.ttf */ = {isa = PBXFileReference; explicitFileType = undefined; fileEncoding = 9; includeInIndex = 0; lastKnownFileType = unknown; name = Zocial.ttf; path = ../app/assets/fonts/Zocial.ttf; sourceTree = "<group>"; };
		A8A81F059FC541E791AC9A3A /* Feather.ttf */ = {isa = PBXFileReference; explicitFileType = undefined; fileEncoding = 9; includeInIndex = 0; lastKnownFileType = unknown; name = Feather.ttf; path = ../app/assets/fonts/Feather.ttf; sourceTree = "<group>"; };
		A9493FD7FA904128A0CFBDCE /* Raleway-Light.ttf */ = {isa = PBXFileReference; explicitFileType = undefined; fileEncoding = 9; includeInIndex = 0; lastKnownFileType = unknown; name = "Raleway-Light.ttf"; path = "../app/assets/fonts/Raleway-Light.ttf"; sourceTree = "<group>"; };
		B0930473EEE14E0C82915E01 /* Ionicons.ttf */ = {isa = PBXFileReference; explicitFileType = undefined; fileEncoding = 9; includeInIndex = 0; lastKnownFileType = unknown; name = Ionicons.ttf; path = ../app/assets/fonts/Ionicons.ttf; sourceTree = "<group>"; };
		B29C63A799FF4C579B6496C7 /* FontAwesome5_Brands.ttf */ = {isa = PBXFileReference; explicitFileType = undefined; fileEncoding = 9; includeInIndex = 0; lastKnownFileType = unknown; name = FontAwesome5_Brands.ttf; path = ../app/assets/fonts/FontAwesome5_Brands.ttf; sourceTree = "<group>"; };
		B3F30298C85F43508E49CC08 /* Roboto-Bold.ttf */ = {isa = PBXFileReference; explicitFileType = undefined; fileEncoding = 9; includeInIndex = 0; lastKnownFileType = unknown; name = "Roboto-Bold.ttf"; path = "../app/assets/fonts/Roboto-Bold.ttf"; sourceTree = "<group>"; };
		B3FA200528EA40BFB7194503 /* Proxima-NovaBold.ttf */ = {isa = PBXFileReference; explicitFileType = undefined; fileEncoding = 9; includeInIndex = 0; lastKnownFileType = unknown; name = "Proxima-NovaBold.ttf"; path = "../app/assets/fonts/Proxima-NovaBold.ttf"; sourceTree = "<group>"; };
		C0D3D209E31844CC1336CE2C /* libPods-CarstenzRDemo-CarstenzRDemoTests.a */ = {isa = PBXFileReference; explicitFileType = archive.ar; includeInIndex = 0; path = "libPods-CarstenzRDemo-CarstenzRDemoTests.a"; sourceTree = BUILT_PRODUCTS_DIR; };
		C46B6509F8FD42E7A230CC90 /* FontAwesome6_Regular.ttf */ = {isa = PBXFileReference; explicitFileType = undefined; fileEncoding = 9; includeInIndex = 0; lastKnownFileType = unknown; name = FontAwesome6_Regular.ttf; path = ../app/assets/fonts/FontAwesome6_Regular.ttf; sourceTree = "<group>"; };
		CD3B90B2A2384A7589531EE0 /* ProximaNovaT-Thin.otf */ = {isa = PBXFileReference; explicitFileType = undefined; fileEncoding = 9; includeInIndex = 0; lastKnownFileType = unknown; name = "ProximaNovaT-Thin.otf"; path = "../app/assets/fonts/ProximaNovaT-Thin.otf"; sourceTree = "<group>"; };
		CF3DDD32FA884710998049C9 /* Roboto-Regular.ttf */ = {isa = PBXFileReference; explicitFileType = undefined; fileEncoding = 9; includeInIndex = 0; lastKnownFileType = unknown; name = "Roboto-Regular.ttf"; path = "../app/assets/fonts/Roboto-Regular.ttf"; sourceTree = "<group>"; };
		CFB66D2B1E8F4A1798AD04BB /* Raleway-LightItalic.ttf */ = {isa = PBXFileReference; explicitFileType = undefined; fileEncoding = 9; includeInIndex = 0; lastKnownFileType = unknown; name = "Raleway-LightItalic.ttf"; path = "../app/assets/fonts/Raleway-LightItalic.ttf"; sourceTree = "<group>"; };
		D61B521E35C44D468C62D4B5 /* ProximaNova-Extrabld.otf */ = {isa = PBXFileReference; explicitFileType = undefined; fileEncoding = 9; includeInIndex = 0; lastKnownFileType = unknown; name = "ProximaNova-Extrabld.otf"; path = "../app/assets/fonts/ProximaNova-Extrabld.otf"; sourceTree = "<group>"; };
		D6B215CA516645A5A060371E /* Raleway-ExtraLightItalic.ttf */ = {isa = PBXFileReference; explicitFileType = undefined; fileEncoding = 9; includeInIndex = 0; lastKnownFileType = unknown; name = "Raleway-ExtraLightItalic.ttf"; path = "../app/assets/fonts/Raleway-ExtraLightItalic.ttf"; sourceTree = "<group>"; };
		D6B925177D054E809B659C82 /* Raleway-Italic.ttf */ = {isa = PBXFileReference; explicitFileType = undefined; fileEncoding = 9; includeInIndex = 0; lastKnownFileType = unknown; name = "Raleway-Italic.ttf"; path = "../app/assets/fonts/Raleway-Italic.ttf"; sourceTree = "<group>"; };
		DB3A8D93810839F97BFC264C /* Pods-CarstenzRDemo.release.xcconfig */ = {isa = PBXFileReference; includeInIndex = 1; lastKnownFileType = text.xcconfig; name = "Pods-CarstenzRDemo.release.xcconfig"; path = "Target Support Files/Pods-CarstenzRDemo/Pods-CarstenzRDemo.release.xcconfig"; sourceTree = "<group>"; };
		E267DE2DC26802F77E4718B1 /* Pods-CarstenzRDemo.debug.xcconfig */ = {isa = PBXFileReference; includeInIndex = 1; lastKnownFileType = text.xcconfig; name = "Pods-CarstenzRDemo.debug.xcconfig"; path = "Target Support Files/Pods-CarstenzRDemo/Pods-CarstenzRDemo.debug.xcconfig"; sourceTree = "<group>"; };
		E2D2769D31184A22824BF4B4 /* Fontisto.ttf */ = {isa = PBXFileReference; explicitFileType = undefined; fileEncoding = 9; includeInIndex = 0; lastKnownFileType = unknown; name = Fontisto.ttf; path = ../app/assets/fonts/Fontisto.ttf; sourceTree = "<group>"; };
		E9606031321E49FFAB163DCE /* Merriweather-Italic.ttf */ = {isa = PBXFileReference; explicitFileType = undefined; fileEncoding = 9; includeInIndex = 0; lastKnownFileType = unknown; name = "Merriweather-Italic.ttf"; path = "../app/assets/fonts/Merriweather-Italic.ttf"; sourceTree = "<group>"; };
		ED297162215061F000B7C4FE /* JavaScriptCore.framework */ = {isa = PBXFileReference; lastKnownFileType = wrapper.framework; name = JavaScriptCore.framework; path = System/Library/Frameworks/JavaScriptCore.framework; sourceTree = SDKROOT; };
		ED436E9F05F34EBC9A7D8C5E /* ProximaNova-Regular.otf */ = {isa = PBXFileReference; explicitFileType = undefined; fileEncoding = 9; includeInIndex = 0; lastKnownFileType = unknown; name = "ProximaNova-Regular.otf"; path = "../app/assets/fonts/ProximaNova-Regular.otf"; sourceTree = "<group>"; };
		F29DB9F6CF6B480BB6333608 /* Roboto-BlackItalic.ttf */ = {isa = PBXFileReference; explicitFileType = undefined; fileEncoding = 9; includeInIndex = 0; lastKnownFileType = unknown; name = "Roboto-BlackItalic.ttf"; path = "../app/assets/fonts/Roboto-BlackItalic.ttf"; sourceTree = "<group>"; };
		F3BA576C8B2448C7BFF5C718 /* Roboto-Medium.ttf */ = {isa = PBXFileReference; explicitFileType = undefined; fileEncoding = 9; includeInIndex = 0; lastKnownFileType = unknown; name = "Roboto-Medium.ttf"; path = "../app/assets/fonts/Roboto-Medium.ttf"; sourceTree = "<group>"; };
		F55160426BFB4139B83E70AC /* Raleway-ThinItalic.ttf */ = {isa = PBXFileReference; explicitFileType = undefined; fileEncoding = 9; includeInIndex = 0; lastKnownFileType = unknown; name = "Raleway-ThinItalic.ttf"; path = "../app/assets/fonts/Raleway-ThinItalic.ttf"; sourceTree = "<group>"; };
		F5628A0E4F334CB0AFD8244F /* Raleway-SemiBold.ttf */ = {isa = PBXFileReference; explicitFileType = undefined; fileEncoding = 9; includeInIndex = 0; lastKnownFileType = unknown; name = "Raleway-SemiBold.ttf"; path = "../app/assets/fonts/Raleway-SemiBold.ttf"; sourceTree = "<group>"; };
		FBABA3C9E9D54D3EBEA4D310 /* Raleway-ExtraBold.ttf */ = {isa = PBXFileReference; explicitFileType = undefined; fileEncoding = 9; includeInIndex = 0; lastKnownFileType = unknown; name = "Raleway-ExtraBold.ttf"; path = "../app/assets/fonts/Raleway-ExtraBold.ttf"; sourceTree = "<group>"; };
/* End PBXFileReference section */

/* Begin PBXFrameworksBuildPhase section */
		00E356EB1AD99517003FC87E /* Frameworks */ = {
			isa = PBXFrameworksBuildPhase;
			buildActionMask = 2147483647;
			files = (
				5C458DE5BECBF00074D27C62 /* libPods-CarstenzRDemo-CarstenzRDemoTests.a in Frameworks */,
			);
			runOnlyForDeploymentPostprocessing = 0;
		};
		13B07F8C1A680F5B00A75B9A /* Frameworks */ = {
			isa = PBXFrameworksBuildPhase;
			buildActionMask = 2147483647;
			files = (
				64D5080350FE6737431AA587 /* libPods-CarstenzRDemo.a in Frameworks */,
			);
			runOnlyForDeploymentPostprocessing = 0;
		};
/* End PBXFrameworksBuildPhase section */

/* Begin PBXGroup section */
		00E356EF1AD99517003FC87E /* CarstenzRDemoTests */ = {
			isa = PBXGroup;
			children = (
				00E356F21AD99517003FC87E /* CarstenzRDemoTests.m */,
				00E356F01AD99517003FC87E /* Supporting Files */,
			);
			path = CarstenzRDemoTests;
			sourceTree = "<group>";
		};
		00E356F01AD99517003FC87E /* Supporting Files */ = {
			isa = PBXGroup;
			children = (
				00E356F11AD99517003FC87E /* Info.plist */,
			);
			name = "Supporting Files";
			sourceTree = "<group>";
		};
		13B07FAE1A68108700A75B9A /* CarstenzRDemo */ = {
			isa = PBXGroup;
			children = (
				8643540A2C105D3300C69F68 /* GoogleService-Info.plist */,
				13B07FAF1A68108700A75B9A /* AppDelegate.h */,
				13B07FB01A68108700A75B9A /* AppDelegate.mm */,
				13B07FB51A68108700A75B9A /* Images.xcassets */,
				13B07FB61A68108700A75B9A /* Info.plist */,
				81AB9BB72411601600AC10FF /* LaunchScreen.storyboard */,
				13B07FB71A68108700A75B9A /* main.m */,
				86D6E7332B0E11360031C35D /* Assets.xcassets */,
			);
			name = CarstenzRDemo;
			sourceTree = "<group>";
		};
		2CF6B4BAA0BD490699FB8C97 /* Resources */ = {
			isa = PBXGroup;
			children = (
				7F381F4541A645858E15A27F /* ProximaNova-Black.otf */,
				1A2D1CD0E24A4C00BBF9D5A3 /* ProximaNova-Bold.otf */,
				D61B521E35C44D468C62D4B5 /* ProximaNova-Extrabld.otf */,
				ED436E9F05F34EBC9A7D8C5E /* ProximaNova-Regular.otf */,
				CD3B90B2A2384A7589531EE0 /* ProximaNovaT-Thin.otf */,
				75216DA3EB3E4E19B317B6A8 /* AntDesign.ttf */,
				6BA9F18F7DE84DD08F73957D /* Entypo.ttf */,
				2C962591A79942F286BB5CE5 /* EvilIcons.ttf */,
				A8A81F059FC541E791AC9A3A /* Feather.ttf */,
				597B9DB7A56C477B9882DE52 /* FontAwesome.ttf */,
				B29C63A799FF4C579B6496C7 /* FontAwesome5_Brands.ttf */,
				0A437AB3A4304BFAACE36759 /* FontAwesome5_Regular.ttf */,
				5237CC9C088743BDA82DFE71 /* FontAwesome5_Solid.ttf */,
				1DD180801206462C9467545D /* FontAwesome6_Brands.ttf */,
				C46B6509F8FD42E7A230CC90 /* FontAwesome6_Regular.ttf */,
				33EDFE8B07AC4EF281D3CE5C /* FontAwesome6_Solid.ttf */,
				E2D2769D31184A22824BF4B4 /* Fontisto.ttf */,
				A15D40A10C1646D7BDE85F8C /* Foundation.ttf */,
				B0930473EEE14E0C82915E01 /* Ionicons.ttf */,
				2AFED2EB45474F82B099BA9E /* KaiseiHarunoUmi-Bold.ttf */,
				70CDFF70865140568F7C0F69 /* KaiseiHarunoUmi-Medium.ttf */,
				A32C981858A046A789F4C0E5 /* KaiseiHarunoUmi-Regular.ttf */,
				53CA59B020D4491B926A58FC /* MaterialCommunityIcons.ttf */,
				70CBC67211A7436C96FC657D /* MaterialIcons.ttf */,
				06F61E5E611C4E1AA2898B29 /* Merriweather-Black.ttf */,
				3736D29DE4CC4B748FBA347C /* Merriweather-BlackItalic.ttf */,
				92F2F269D70C44F889B478F3 /* Merriweather-Bold.ttf */,
				5CE975F5AA4D4871AC686357 /* Merriweather-BoldItalic.ttf */,
				E9606031321E49FFAB163DCE /* Merriweather-Italic.ttf */,
				8BEF9A4DF6284115889D4BF9 /* Merriweather-Light.ttf */,
				4ABDEBCB79F54012984B1F22 /* Merriweather-LightItalic.ttf */,
				5E048F38696E4F36B28CCDCF /* Merriweather-Regular.ttf */,
				089EA0D74E71428FBF6660A9 /* Octicons.ttf */,
				B3FA200528EA40BFB7194503 /* Proxima-NovaBold.ttf */,
				8C7AAD5C1FE64E8EAC57C402 /* Proxima-NovaLight.ttf */,
				42DBE53E19534AC8AAD3BE2F /* Proxima-NovaReg.ttf */,
				191BD8F4840044F98C8361BF /* Raleway-Black.ttf */,
				03481879826F493885E9D195 /* Raleway-BlackItalic.ttf */,
				85E9FED89C5D41038AA279CF /* Raleway-Bold.ttf */,
				7B382A98094943F2887CC1E3 /* Raleway-BoldItalic.ttf */,
				FBABA3C9E9D54D3EBEA4D310 /* Raleway-ExtraBold.ttf */,
				4CBDB560C80A40A79C22AE7E /* Raleway-ExtraBoldItalic.ttf */,
				94D86CD8EF154FB39B5D1CBD /* Raleway-ExtraLight.ttf */,
				D6B215CA516645A5A060371E /* Raleway-ExtraLightItalic.ttf */,
				D6B925177D054E809B659C82 /* Raleway-Italic.ttf */,
				A9493FD7FA904128A0CFBDCE /* Raleway-Light.ttf */,
				CFB66D2B1E8F4A1798AD04BB /* Raleway-LightItalic.ttf */,
				3CB1A156C2F64915882BA513 /* Raleway-Medium.ttf */,
				A44A8491D332429C9AD29283 /* Raleway-MediumItalic.ttf */,
				539F733145C74A88AED11CE8 /* Raleway-Regular.ttf */,
				F5628A0E4F334CB0AFD8244F /* Raleway-SemiBold.ttf */,
				321F4B44106C447CA0B3FD50 /* Raleway-SemiBoldItalic.ttf */,
				96A4172D2C2A4580B089EFCF /* Raleway-Thin.ttf */,
				F55160426BFB4139B83E70AC /* Raleway-ThinItalic.ttf */,
				4C932946A1324FBBA8E8EF32 /* Roboto-Black.ttf */,
				F29DB9F6CF6B480BB6333608 /* Roboto-BlackItalic.ttf */,
				B3F30298C85F43508E49CC08 /* Roboto-Bold.ttf */,
				2FC0B8A8017F467EA391F2DD /* Roboto-BoldItalic.ttf */,
				192856E6CF564E36B4289EED /* Roboto-Italic.ttf */,
				A602FDDB096C4EA4BB90180C /* Roboto-Light.ttf */,
				204E2DA0FB1A4F5B81DD421D /* Roboto-LightItalic.ttf */,
				F3BA576C8B2448C7BFF5C718 /* Roboto-Medium.ttf */,
				8C2E5985F9FB4E2D97054A15 /* Roboto-MediumItalic.ttf */,
				CF3DDD32FA884710998049C9 /* Roboto-Regular.ttf */,
				4FF71FE72F9E482C86F7AE3C /* Roboto-Thin.ttf */,
				652388315D30486D8CA024D8 /* Roboto-ThinItalic.ttf */,
				2D63A8E547E94864B20B474B /* SimpleLineIcons.ttf */,
				A83ED58049834257AE31A2E1 /* Zocial.ttf */,
			);
			name = Resources;
			sourceTree = "<group>";
		};
		2D16E6871FA4F8E400B85C8A /* Frameworks */ = {
			isa = PBXGroup;
			children = (
				ED297162215061F000B7C4FE /* JavaScriptCore.framework */,
				A182434C2DAA52F9F70AD12E /* libPods-CarstenzRDemo.a */,
				C0D3D209E31844CC1336CE2C /* libPods-CarstenzRDemo-CarstenzRDemoTests.a */,
			);
			name = Frameworks;
			sourceTree = "<group>";
		};
		832341AE1AAA6A7D00B99B32 /* Libraries */ = {
			isa = PBXGroup;
			children = (
			);
			name = Libraries;
			sourceTree = "<group>";
		};
		83CBB9F61A601CBA00E9B192 = {
			isa = PBXGroup;
			children = (
				867AA72D2C5C769D0002425D /* fonts */,
				8660DDDD2C17E7AA00D24D4A /* FontAwesome6_Brands.ttf */,
				8660DDDE2C17E7AA00D24D4A /* FontAwesome6_Regular.ttf */,
				8660DDD92C17E77600D24D4A /* FontAwesome5_Brands.ttf */,
				13B07FAE1A68108700A75B9A /* CarstenzRDemo */,
				832341AE1AAA6A7D00B99B32 /* Libraries */,
				00E356EF1AD99517003FC87E /* CarstenzRDemoTests */,
				83CBBA001A601CBA00E9B192 /* Products */,
				2D16E6871FA4F8E400B85C8A /* Frameworks */,
				BBD78D7AC51CEA395F1C20DB /* Pods */,
				2CF6B4BAA0BD490699FB8C97 /* Resources */,
			);
			indentWidth = 2;
			sourceTree = "<group>";
			tabWidth = 2;
			usesTabs = 0;
		};
		83CBBA001A601CBA00E9B192 /* Products */ = {
			isa = PBXGroup;
			children = (
				13B07F961A680F5B00A75B9A /* CarstenzRDemo.app */,
				00E356EE1AD99517003FC87E /* CarstenzRDemoTests.xctest */,
			);
			name = Products;
			sourceTree = "<group>";
		};
		BBD78D7AC51CEA395F1C20DB /* Pods */ = {
			isa = PBXGroup;
			children = (
				E267DE2DC26802F77E4718B1 /* Pods-CarstenzRDemo.debug.xcconfig */,
				DB3A8D93810839F97BFC264C /* Pods-CarstenzRDemo.release.xcconfig */,
				16399BE7D658992255A44A34 /* Pods-CarstenzRDemo-CarstenzRDemoTests.debug.xcconfig */,
				92C259E4A1A0F5366D5E3222 /* Pods-CarstenzRDemo-CarstenzRDemoTests.release.xcconfig */,
			);
			path = Pods;
			sourceTree = "<group>";
		};
/* End PBXGroup section */

/* Begin PBXNativeTarget section */
		00E356ED1AD99517003FC87E /* CarstenzRDemoTests */ = {
			isa = PBXNativeTarget;
			buildConfigurationList = 00E357021AD99517003FC87E /* Build configuration list for PBXNativeTarget "CarstenzRDemoTests" */;
			buildPhases = (
				B77C8649F8BBB77EB77FD631 /* [CP] Check Pods Manifest.lock */,
				00E356EA1AD99517003FC87E /* Sources */,
				00E356EB1AD99517003FC87E /* Frameworks */,
				00E356EC1AD99517003FC87E /* Resources */,
				04E892B727B93147F0DD6AE4 /* [CP] Embed Pods Frameworks */,
				2A24837B7F3483CA47332992 /* [CP] Copy Pods Resources */,
			);
			buildRules = (
			);
			dependencies = (
				00E356F51AD99517003FC87E /* PBXTargetDependency */,
			);
			name = CarstenzRDemoTests;
			productName = CarstenzRDemoTests;
			productReference = 00E356EE1AD99517003FC87E /* CarstenzRDemoTests.xctest */;
			productType = "com.apple.product-type.bundle.unit-test";
		};
		13B07F861A680F5B00A75B9A /* CarstenzRDemo */ = {
			isa = PBXNativeTarget;
			buildConfigurationList = 13B07F931A680F5B00A75B9A /* Build configuration list for PBXNativeTarget "CarstenzRDemo" */;
			buildPhases = (
				60B7EA40D08547C87A66C8B0 /* [CP] Check Pods Manifest.lock */,
				FD10A7F022414F080027D42C /* Start Packager */,
				13B07F871A680F5B00A75B9A /* Sources */,
				13B07F8C1A680F5B00A75B9A /* Frameworks */,
				13B07F8E1A680F5B00A75B9A /* Resources */,
				00DD1BFF1BD5951E006B06BC /* Bundle React Native code and images */,
				864354092C10555A00C69F68 /* ShellScript */,
				12AE39E41B099913F04C04DA /* [CP] Embed Pods Frameworks */,
				FD94CF223F5E7655F654616F /* [CP] Copy Pods Resources */,
				AC243F807F34912F6B1267E3 /* [CP-User] [RNFB] Core Configuration */,
			);
			buildRules = (
			);
			dependencies = (
			);
			name = CarstenzRDemo;
			productName = CarstenzRDemo;
			productReference = 13B07F961A680F5B00A75B9A /* CarstenzRDemo.app */;
			productType = "com.apple.product-type.application";
		};
/* End PBXNativeTarget section */

/* Begin PBXProject section */
		83CBB9F71A601CBA00E9B192 /* Project object */ = {
			isa = PBXProject;
			attributes = {
				BuildIndependentTargetsInParallel = YES;
				LastUpgradeCheck = 1540;
				TargetAttributes = {
					00E356ED1AD99517003FC87E = {
						CreatedOnToolsVersion = 6.2;
						TestTargetID = 13B07F861A680F5B00A75B9A;
					};
					13B07F861A680F5B00A75B9A = {
						LastSwiftMigration = 1120;
					};
				};
			};
			buildConfigurationList = 83CBB9FA1A601CBA00E9B192 /* Build configuration list for PBXProject "CarstenzRDemo" */;
			compatibilityVersion = "Xcode 12.0";
			developmentRegion = en;
			hasScannedForEncodings = 0;
			knownRegions = (
				en,
				Base,
			);
			mainGroup = 83CBB9F61A601CBA00E9B192;
			packageReferences = (
				8643540C2C105E6A00C69F68 /* XCRemoteSwiftPackageReference "firebase-ios-sdk" */,
			);
			productRefGroup = 83CBBA001A601CBA00E9B192 /* Products */;
			projectDirPath = "";
			projectRoot = "";
			targets = (
				13B07F861A680F5B00A75B9A /* CarstenzRDemo */,
				00E356ED1AD99517003FC87E /* CarstenzRDemoTests */,
			);
		};
/* End PBXProject section */

/* Begin PBXResourcesBuildPhase section */
		00E356EC1AD99517003FC87E /* Resources */ = {
			isa = PBXResourcesBuildPhase;
			buildActionMask = 2147483647;
			files = (
			);
			runOnlyForDeploymentPostprocessing = 0;
		};
		13B07F8E1A680F5B00A75B9A /* Resources */ = {
			isa = PBXResourcesBuildPhase;
			buildActionMask = 2147483647;
			files = (
				8643E2642C5C9C3F00763A43 /* GoogleService-Info.plist in Resources */,
				867AA72E2C5C769D0002425D /* fonts in Resources */,
				81AB9BB82411601600AC10FF /* LaunchScreen.storyboard in Resources */,
				86D6E7342B0E11360031C35D /* Assets.xcassets in Resources */,
				13B07FBF1A68108700A75B9A /* Images.xcassets in Resources */,
				D623D90B4C6C4EA5BBE07AC6 /* ProximaNova-Black.otf in Resources */,
				93DDC4A4C132453899CF1EC9 /* ProximaNova-Bold.otf in Resources */,
				CE4B347929F04D02B83F340D /* ProximaNova-Extrabld.otf in Resources */,
				C5EB32AA937949F584F28221 /* ProximaNova-Regular.otf in Resources */,
				AC1CD3762394487CBF7D2BA8 /* ProximaNovaT-Thin.otf in Resources */,
				439F8CFF47744DBB8519C096 /* AntDesign.ttf in Resources */,
				26140745999544A28F5E5CE0 /* Entypo.ttf in Resources */,
				F9D6B240494F443FA8529BB3 /* EvilIcons.ttf in Resources */,
				7D41BE656CAE43758AE30F3E /* Feather.ttf in Resources */,
				C8E9D47139A745AEBED04E3D /* FontAwesome.ttf in Resources */,
				F8613D904EE04C4AB18B413E /* FontAwesome5_Brands.ttf in Resources */,
				6B107DF5141B4060A4E8C90C /* FontAwesome5_Regular.ttf in Resources */,
				B332FE695F65435DBD844F0A /* FontAwesome5_Solid.ttf in Resources */,
				DBF519D8646943D9A307BC5B /* FontAwesome6_Brands.ttf in Resources */,
				7A2406D2E67547BE85750543 /* FontAwesome6_Regular.ttf in Resources */,
				2DB3AD048702464EB35B8F6A /* FontAwesome6_Solid.ttf in Resources */,
				030AF162635A4864BAD067F7 /* Fontisto.ttf in Resources */,
				3D2C67EB1308454DBDC85681 /* Foundation.ttf in Resources */,
				5BAA90A83B52420EBBD55D11 /* Ionicons.ttf in Resources */,
				E6B735AA6F794094AC929282 /* KaiseiHarunoUmi-Bold.ttf in Resources */,
				9A4D28F453AA4C5FB7792D4A /* KaiseiHarunoUmi-Medium.ttf in Resources */,
				E8DCE163F26E4F17BA6B4837 /* KaiseiHarunoUmi-Regular.ttf in Resources */,
				DAB755E70E30452FAA8F2D5F /* MaterialCommunityIcons.ttf in Resources */,
				EFBDC544136C4705840FC8E3 /* MaterialIcons.ttf in Resources */,
				BCD8CDDA236D4D4A9611F6AC /* Merriweather-Black.ttf in Resources */,
				65AA08890D03490094DA82BB /* Merriweather-BlackItalic.ttf in Resources */,
				074EA48873C647D39AB4FA05 /* Merriweather-Bold.ttf in Resources */,
				5E5EA8D7AC23436F866C4ECA /* Merriweather-BoldItalic.ttf in Resources */,
				4FCE70FA7B9E41D29B350BEA /* Merriweather-Italic.ttf in Resources */,
				A49C86260F784F3BB6B6638A /* Merriweather-Light.ttf in Resources */,
				C5777B9F4C67447AA2784810 /* Merriweather-LightItalic.ttf in Resources */,
				AC5FA0AB84D445419638E21A /* Merriweather-Regular.ttf in Resources */,
				0D7A1D9AEBA545CE83CCD2E1 /* Octicons.ttf in Resources */,
				20A4E6C8C48547F4B70FEA82 /* Proxima-NovaBold.ttf in Resources */,
				27DB77F23E2B4298B969508A /* Proxima-NovaLight.ttf in Resources */,
				D931312CF40449A3A1F59F36 /* Proxima-NovaReg.ttf in Resources */,
				857F354C531F475F8C091AB8 /* Raleway-Black.ttf in Resources */,
				C2B061B3330747F49B19EE52 /* Raleway-BlackItalic.ttf in Resources */,
				29B594D676944F9E855988B5 /* Raleway-Bold.ttf in Resources */,
				1D0279631501480890173CF0 /* Raleway-BoldItalic.ttf in Resources */,
				153740E382754F99A8A29235 /* Raleway-ExtraBold.ttf in Resources */,
				A28EA98BCC7A4DFC9CF0C2FD /* Raleway-ExtraBoldItalic.ttf in Resources */,
				C6E6618526924BC891D8F737 /* Raleway-ExtraLight.ttf in Resources */,
				369CE1476558489AAD48C2DD /* Raleway-ExtraLightItalic.ttf in Resources */,
				F89DAD9A6D044CB3A1C64116 /* Raleway-Italic.ttf in Resources */,
				C28B647904A44D76A407F852 /* Raleway-Light.ttf in Resources */,
				97EAB69816EF45A09C119C8A /* Raleway-LightItalic.ttf in Resources */,
				770B372DC5F24E11AEE46E43 /* Raleway-Medium.ttf in Resources */,
				173C1994AD1146798F1BEBB6 /* Raleway-MediumItalic.ttf in Resources */,
				5A68D4A596444484A50FFE4D /* Raleway-Regular.ttf in Resources */,
				B97A2ED09614481197ED927E /* Raleway-SemiBold.ttf in Resources */,
				AEBC5B64B2A148F28C8A96C0 /* Raleway-SemiBoldItalic.ttf in Resources */,
				B80ADFDE40884247AEF0C17F /* Raleway-Thin.ttf in Resources */,
				FB693CC5463A419DA2467733 /* Raleway-ThinItalic.ttf in Resources */,
				754C056097C64C089A15F615 /* Roboto-Black.ttf in Resources */,
				62EE58F7F00A400793C6CE40 /* Roboto-BlackItalic.ttf in Resources */,
				CA186A71D38E4C2285343DEC /* Roboto-Bold.ttf in Resources */,
				A837331CCE2548498F613EEA /* Roboto-BoldItalic.ttf in Resources */,
				4EE0A4250F314A9BA4D57BDA /* Roboto-Italic.ttf in Resources */,
				A8E8186A62434165A197D1A6 /* Roboto-Light.ttf in Resources */,
				BBA5C59B3F0A472BABD11823 /* Roboto-LightItalic.ttf in Resources */,
				D76F06DAE0B146CAA6897790 /* Roboto-Medium.ttf in Resources */,
				53A4E9CA3B2A4B8196636C6C /* Roboto-MediumItalic.ttf in Resources */,
				4CA42BBB99ED48BC8830C469 /* Roboto-Regular.ttf in Resources */,
				AAABC86142F04A43B7ACB745 /* Roboto-Thin.ttf in Resources */,
				68E512156AE543C7967CC043 /* Roboto-ThinItalic.ttf in Resources */,
				E58935C497EA405C93D3F844 /* SimpleLineIcons.ttf in Resources */,
				5E0335D32CD048DD8E638306 /* Zocial.ttf in Resources */,
			);
			runOnlyForDeploymentPostprocessing = 0;
		};
/* End PBXResourcesBuildPhase section */

/* Begin PBXShellScriptBuildPhase section */
		00DD1BFF1BD5951E006B06BC /* Bundle React Native code and images */ = {
			isa = PBXShellScriptBuildPhase;
			buildActionMask = 2147483647;
			files = (
			);
			inputPaths = (
				"$(SRCROOT)/.xcode.env.local",
				"$(SRCROOT)/.xcode.env",
			);
			name = "Bundle React Native code and images";
			outputPaths = (
			);
			runOnlyForDeploymentPostprocessing = 0;
			shellPath = /bin/sh;
			shellScript = "set -e\n\nWITH_ENVIRONMENT=\"../node_modules/react-native/scripts/xcode/with-environment.sh\"\nREACT_NATIVE_XCODE=\"../node_modules/react-native/scripts/react-native-xcode.sh\"\n\nexport NODE_BINARY=\"/Users/haniyya/.nvm/versions/node/v16.20.2/bin/node\"\n\n/bin/sh -c \"$WITH_ENVIRONMENT $REACT_NATIVE_XCODE $NODE_BINARY\"\n";
		};
		04E892B727B93147F0DD6AE4 /* [CP] Embed Pods Frameworks */ = {
			isa = PBXShellScriptBuildPhase;
			buildActionMask = 2147483647;
			files = (
			);
			inputFileListPaths = (
				"${PODS_ROOT}/Target Support Files/Pods-CarstenzRDemo-CarstenzRDemoTests/Pods-CarstenzRDemo-CarstenzRDemoTests-frameworks-${CONFIGURATION}-input-files.xcfilelist",
			);
			name = "[CP] Embed Pods Frameworks";
			outputFileListPaths = (
				"${PODS_ROOT}/Target Support Files/Pods-CarstenzRDemo-CarstenzRDemoTests/Pods-CarstenzRDemo-CarstenzRDemoTests-frameworks-${CONFIGURATION}-output-files.xcfilelist",
			);
			runOnlyForDeploymentPostprocessing = 0;
			shellPath = /bin/sh;
			shellScript = "\"${PODS_ROOT}/Target Support Files/Pods-CarstenzRDemo-CarstenzRDemoTests/Pods-CarstenzRDemo-CarstenzRDemoTests-frameworks.sh\"\n";
			showEnvVarsInLog = 0;
		};
		12AE39E41B099913F04C04DA /* [CP] Embed Pods Frameworks */ = {
			isa = PBXShellScriptBuildPhase;
			buildActionMask = 2147483647;
			files = (
			);
			inputFileListPaths = (
				"${PODS_ROOT}/Target Support Files/Pods-CarstenzRDemo/Pods-CarstenzRDemo-frameworks-${CONFIGURATION}-input-files.xcfilelist",
			);
			name = "[CP] Embed Pods Frameworks";
			outputFileListPaths = (
				"${PODS_ROOT}/Target Support Files/Pods-CarstenzRDemo/Pods-CarstenzRDemo-frameworks-${CONFIGURATION}-output-files.xcfilelist",
			);
			runOnlyForDeploymentPostprocessing = 0;
			shellPath = /bin/sh;
			shellScript = "\"${PODS_ROOT}/Target Support Files/Pods-CarstenzRDemo/Pods-CarstenzRDemo-frameworks.sh\"\n";
			showEnvVarsInLog = 0;
		};
		2A24837B7F3483CA47332992 /* [CP] Copy Pods Resources */ = {
			isa = PBXShellScriptBuildPhase;
			buildActionMask = 2147483647;
			files = (
			);
			inputFileListPaths = (
				"${PODS_ROOT}/Target Support Files/Pods-CarstenzRDemo-CarstenzRDemoTests/Pods-CarstenzRDemo-CarstenzRDemoTests-resources-${CONFIGURATION}-input-files.xcfilelist",
			);
			name = "[CP] Copy Pods Resources";
			outputFileListPaths = (
				"${PODS_ROOT}/Target Support Files/Pods-CarstenzRDemo-CarstenzRDemoTests/Pods-CarstenzRDemo-CarstenzRDemoTests-resources-${CONFIGURATION}-output-files.xcfilelist",
			);
			runOnlyForDeploymentPostprocessing = 0;
			shellPath = /bin/sh;
			shellScript = "\"${PODS_ROOT}/Target Support Files/Pods-CarstenzRDemo-CarstenzRDemoTests/Pods-CarstenzRDemo-CarstenzRDemoTests-resources.sh\"\n";
			showEnvVarsInLog = 0;
		};
		60B7EA40D08547C87A66C8B0 /* [CP] Check Pods Manifest.lock */ = {
			isa = PBXShellScriptBuildPhase;
			buildActionMask = 2147483647;
			files = (
			);
			inputFileListPaths = (
			);
			inputPaths = (
				"${PODS_PODFILE_DIR_PATH}/Podfile.lock",
				"${PODS_ROOT}/Manifest.lock",
			);
			name = "[CP] Check Pods Manifest.lock";
			outputFileListPaths = (
			);
			outputPaths = (
				"$(DERIVED_FILE_DIR)/Pods-CarstenzRDemo-checkManifestLockResult.txt",
			);
			runOnlyForDeploymentPostprocessing = 0;
			shellPath = /bin/sh;
			shellScript = "diff \"${PODS_PODFILE_DIR_PATH}/Podfile.lock\" \"${PODS_ROOT}/Manifest.lock\" > /dev/null\nif [ $? != 0 ] ; then\n    # print error to STDERR\n    echo \"error: The sandbox is not in sync with the Podfile.lock. Run 'pod install' or update your CocoaPods installation.\" >&2\n    exit 1\nfi\n# This output is used by Xcode 'outputs' to avoid re-running this script phase.\necho \"SUCCESS\" > \"${SCRIPT_OUTPUT_FILE_0}\"\n";
			showEnvVarsInLog = 0;
		};
		864354092C10555A00C69F68 /* ShellScript */ = {
			isa = PBXShellScriptBuildPhase;
			buildActionMask = 2147483647;
			files = (
			);
			inputFileListPaths = (
			);
			inputPaths = (
			);
			outputFileListPaths = (
			);
			outputPaths = (
			);
			runOnlyForDeploymentPostprocessing = 0;
			shellPath = /bin/sh;
			shellScript = "# Type a script or drag a script file from your workspace to insert its path.\n";
		};
		AC243F807F34912F6B1267E3 /* [CP-User] [RNFB] Core Configuration */ = {
			isa = PBXShellScriptBuildPhase;
			buildActionMask = 2147483647;
			files = (
			);
			inputPaths = (
				"$(BUILT_PRODUCTS_DIR)/$(INFOPLIST_PATH)",
			);
			name = "[CP-User] [RNFB] Core Configuration";
			runOnlyForDeploymentPostprocessing = 0;
			shellPath = /bin/sh;
			shellScript = "#!/usr/bin/env bash\n#\n# Copyright (c) 2016-present Invertase Limited & Contributors\n#\n# Licensed under the Apache License, Version 2.0 (the \"License\");\n# you may not use this library except in compliance with the License.\n# You may obtain a copy of the License at\n#\n#   http://www.apache.org/licenses/LICENSE-2.0\n#\n# Unless required by applicable law or agreed to in writing, software\n# distributed under the License is distributed on an \"AS IS\" BASIS,\n# WITHOUT WARRANTIES OR CONDITIONS OF ANY KIND, either express or implied.\n# See the License for the specific language governing permissions and\n# limitations under the License.\n#\n\n##########################################################################\n##########################################################################\n#\n#  NOTE THAT IF YOU CHANGE THIS FILE YOU MUST RUN pod install AFTERWARDS\n#\n#  This file is installed as an Xcode build script in the project file\n#  by cocoapods, and you will not see your changes until you pod install\n#\n##########################################################################\n##########################################################################\n\nset -e\n\n_MAX_LOOKUPS=2;\n_SEARCH_RESULT=''\n_RN_ROOT_EXISTS=''\n_CURRENT_LOOKUPS=1\n_JSON_ROOT=\"'react-native'\"\n_JSON_FILE_NAME='firebase.json'\n_JSON_OUTPUT_BASE64='e30=' # { }\n_CURRENT_SEARCH_DIR=${PROJECT_DIR}\n_PLIST_BUDDY=/usr/libexec/PlistBuddy\n_TARGET_PLIST=\"${BUILT_PRODUCTS_DIR}/${INFOPLIST_PATH}\"\n_DSYM_PLIST=\"${DWARF_DSYM_FOLDER_PATH}/${DWARF_DSYM_FILE_NAME}/Contents/Info.plist\"\n\n# plist arrays\n_PLIST_ENTRY_KEYS=()\n_PLIST_ENTRY_TYPES=()\n_PLIST_ENTRY_VALUES=()\n\nfunction setPlistValue {\n  echo \"info:      setting plist entry '$1' of type '$2' in file '$4'\"\n  ${_PLIST_BUDDY} -c \"Add :$1 $2 '$3'\" $4 || echo \"info:      '$1' already exists\"\n}\n\nfunction getFirebaseJsonKeyValue () {\n  if [[ ${_RN_ROOT_EXISTS} ]]; then\n    ruby -Ku -e \"require 'rubygems';require 'json'; output=JSON.parse('$1'); puts output[$_JSON_ROOT]['$2']\"\n  else\n    echo \"\"\n  fi;\n}\n\nfunction jsonBoolToYesNo () {\n  if [[ $1 == \"false\" ]]; then\n    echo \"NO\"\n  elif [[ $1 == \"true\" ]]; then\n    echo \"YES\"\n  else echo \"NO\"\n  fi\n}\n\necho \"info: -> RNFB build script started\"\necho \"info: 1) Locating ${_JSON_FILE_NAME} file:\"\n\nif [[ -z ${_CURRENT_SEARCH_DIR} ]]; then\n  _CURRENT_SEARCH_DIR=$(pwd)\nfi;\n\nwhile true; do\n  _CURRENT_SEARCH_DIR=$(dirname \"$_CURRENT_SEARCH_DIR\")\n  if [[ \"$_CURRENT_SEARCH_DIR\" == \"/\" ]] || [[ ${_CURRENT_LOOKUPS} -gt ${_MAX_LOOKUPS} ]]; then break; fi;\n  echo \"info:      ($_CURRENT_LOOKUPS of $_MAX_LOOKUPS) Searching in '$_CURRENT_SEARCH_DIR' for a ${_JSON_FILE_NAME} file.\"\n  _SEARCH_RESULT=$(find \"$_CURRENT_SEARCH_DIR\" -maxdepth 2 -name ${_JSON_FILE_NAME} -print | /usr/bin/head -n 1)\n  if [[ ${_SEARCH_RESULT} ]]; then\n    echo \"info:      ${_JSON_FILE_NAME} found at $_SEARCH_RESULT\"\n    break;\n  fi;\n  _CURRENT_LOOKUPS=$((_CURRENT_LOOKUPS+1))\ndone\n\nif [[ ${_SEARCH_RESULT} ]]; then\n  _JSON_OUTPUT_RAW=$(cat \"${_SEARCH_RESULT}\")\n  _RN_ROOT_EXISTS=$(ruby -Ku -e \"require 'rubygems';require 'json'; output=JSON.parse('$_JSON_OUTPUT_RAW'); puts output[$_JSON_ROOT]\" || echo '')\n\n  if [[ ${_RN_ROOT_EXISTS} ]]; then\n    if ! python3 --version >/dev/null 2>&1; then echo \"python3 not found, firebase.json file processing error.\" && exit 1; fi\n    _JSON_OUTPUT_BASE64=$(python3 -c 'import json,sys,base64;print(base64.b64encode(bytes(json.dumps(json.loads(open('\"'${_SEARCH_RESULT}'\"', '\"'rb'\"').read())['${_JSON_ROOT}']), '\"'utf-8'\"')).decode())' || echo \"e30=\")\n  fi\n\n  _PLIST_ENTRY_KEYS+=(\"firebase_json_raw\")\n  _PLIST_ENTRY_TYPES+=(\"string\")\n  _PLIST_ENTRY_VALUES+=(\"$_JSON_OUTPUT_BASE64\")\n\n  # config.app_data_collection_default_enabled\n  _APP_DATA_COLLECTION_ENABLED=$(getFirebaseJsonKeyValue \"$_JSON_OUTPUT_RAW\" \"app_data_collection_default_enabled\")\n  if [[ $_APP_DATA_COLLECTION_ENABLED ]]; then\n    _PLIST_ENTRY_KEYS+=(\"FirebaseDataCollectionDefaultEnabled\")\n    _PLIST_ENTRY_TYPES+=(\"bool\")\n    _PLIST_ENTRY_VALUES+=(\"$(jsonBoolToYesNo \"$_APP_DATA_COLLECTION_ENABLED\")\")\n  fi\n\n  # config.analytics_auto_collection_enabled\n  _ANALYTICS_AUTO_COLLECTION=$(getFirebaseJsonKeyValue \"$_JSON_OUTPUT_RAW\" \"analytics_auto_collection_enabled\")\n  if [[ $_ANALYTICS_AUTO_COLLECTION ]]; then\n    _PLIST_ENTRY_KEYS+=(\"FIREBASE_ANALYTICS_COLLECTION_ENABLED\")\n    _PLIST_ENTRY_TYPES+=(\"bool\")\n    _PLIST_ENTRY_VALUES+=(\"$(jsonBoolToYesNo \"$_ANALYTICS_AUTO_COLLECTION\")\")\n  fi\n\n  # config.analytics_collection_deactivated\n  _ANALYTICS_DEACTIVATED=$(getFirebaseJsonKeyValue \"$_JSON_OUTPUT_RAW\" \"analytics_collection_deactivated\")\n  if [[ $_ANALYTICS_DEACTIVATED ]]; then\n    _PLIST_ENTRY_KEYS+=(\"FIREBASE_ANALYTICS_COLLECTION_DEACTIVATED\")\n    _PLIST_ENTRY_TYPES+=(\"bool\")\n    _PLIST_ENTRY_VALUES+=(\"$(jsonBoolToYesNo \"$_ANALYTICS_DEACTIVATED\")\")\n  fi\n\n  # config.analytics_idfv_collection_enabled\n  _ANALYTICS_IDFV_COLLECTION=$(getFirebaseJsonKeyValue \"$_JSON_OUTPUT_RAW\" \"analytics_idfv_collection_enabled\")\n  if [[ $_ANALYTICS_IDFV_COLLECTION ]]; then\n    _PLIST_ENTRY_KEYS+=(\"GOOGLE_ANALYTICS_IDFV_COLLECTION_ENABLED\")\n    _PLIST_ENTRY_TYPES+=(\"bool\")\n    _PLIST_ENTRY_VALUES+=(\"$(jsonBoolToYesNo \"$_ANALYTICS_IDFV_COLLECTION\")\")\n  fi\n\n  # config.analytics_default_allow_analytics_storage\n  _ANALYTICS_STORAGE=$(getFirebaseJsonKeyValue \"$_JSON_OUTPUT_RAW\" \"analytics_default_allow_analytics_storage\")\n  if [[ $_ANALYTICS_STORAGE ]]; then\n    _PLIST_ENTRY_KEYS+=(\"GOOGLE_ANALYTICS_DEFAULT_ALLOW_ANALYTICS_STORAGE\")\n    _PLIST_ENTRY_TYPES+=(\"bool\")\n    _PLIST_ENTRY_VALUES+=(\"$(jsonBoolToYesNo \"$_ANALYTICS_STORAGE\")\")\n  fi\n\n  # config.analytics_default_allow_ad_storage\n  _ANALYTICS_AD_STORAGE=$(getFirebaseJsonKeyValue \"$_JSON_OUTPUT_RAW\" \"analytics_default_allow_ad_storage\")\n  if [[ $_ANALYTICS_AD_STORAGE ]]; then\n    _PLIST_ENTRY_KEYS+=(\"GOOGLE_ANALYTICS_DEFAULT_ALLOW_AD_STORAGE\")\n    _PLIST_ENTRY_TYPES+=(\"bool\")\n    _PLIST_ENTRY_VALUES+=(\"$(jsonBoolToYesNo \"$_ANALYTICS_AD_STORAGE\")\")\n  fi\n\n  # config.analytics_default_allow_ad_user_data\n  _ANALYTICS_AD_USER_DATA=$(getFirebaseJsonKeyValue \"$_JSON_OUTPUT_RAW\" \"analytics_default_allow_ad_user_data\")\n  if [[ $_ANALYTICS_AD_USER_DATA ]]; then\n    _PLIST_ENTRY_KEYS+=(\"GOOGLE_ANALYTICS_DEFAULT_ALLOW_AD_USER_DATA\")\n    _PLIST_ENTRY_TYPES+=(\"bool\")\n    _PLIST_ENTRY_VALUES+=(\"$(jsonBoolToYesNo \"$_ANALYTICS_AD_USER_DATA\")\")\n  fi\n\n  # config.analytics_default_allow_ad_personalization_signals\n  _ANALYTICS_PERSONALIZATION=$(getFirebaseJsonKeyValue \"$_JSON_OUTPUT_RAW\" \"analytics_default_allow_ad_personalization_signals\")\n  if [[ $_ANALYTICS_PERSONALIZATION ]]; then\n    _PLIST_ENTRY_KEYS+=(\"GOOGLE_ANALYTICS_DEFAULT_ALLOW_AD_PERSONALIZATION_SIGNALS\")\n    _PLIST_ENTRY_TYPES+=(\"bool\")\n    _PLIST_ENTRY_VALUES+=(\"$(jsonBoolToYesNo \"$_ANALYTICS_PERSONALIZATION\")\")\n  fi\n\n  # config.analytics_registration_with_ad_network_enabled\n  _ANALYTICS_REGISTRATION_WITH_AD_NETWORK=$(getFirebaseJsonKeyValue \"$_JSON_OUTPUT_RAW\" \"google_analytics_registration_with_ad_network_enabled\")\n  if [[ $_ANALYTICS_REGISTRATION_WITH_AD_NETWORK ]]; then\n    _PLIST_ENTRY_KEYS+=(\"GOOGLE_ANALYTICS_REGISTRATION_WITH_AD_NETWORK_ENABLED\")\n    _PLIST_ENTRY_TYPES+=(\"bool\")\n    _PLIST_ENTRY_VALUES+=(\"$(jsonBoolToYesNo \"$_ANALYTICS_REGISTRATION_WITH_AD_NETWORK\")\")\n  fi\n\n  # config.google_analytics_automatic_screen_reporting_enabled\n  _ANALYTICS_AUTO_SCREEN_REPORTING=$(getFirebaseJsonKeyValue \"$_JSON_OUTPUT_RAW\" \"google_analytics_automatic_screen_reporting_enabled\")\n  if [[ $_ANALYTICS_AUTO_SCREEN_REPORTING ]]; then\n    _PLIST_ENTRY_KEYS+=(\"FirebaseAutomaticScreenReportingEnabled\")\n    _PLIST_ENTRY_TYPES+=(\"bool\")\n    _PLIST_ENTRY_VALUES+=(\"$(jsonBoolToYesNo \"$_ANALYTICS_AUTO_SCREEN_REPORTING\")\")\n  fi\n\n  # config.perf_auto_collection_enabled\n  _PERF_AUTO_COLLECTION=$(getFirebaseJsonKeyValue \"$_JSON_OUTPUT_RAW\" \"perf_auto_collection_enabled\")\n  if [[ $_PERF_AUTO_COLLECTION ]]; then\n    _PLIST_ENTRY_KEYS+=(\"firebase_performance_collection_enabled\")\n    _PLIST_ENTRY_TYPES+=(\"bool\")\n    _PLIST_ENTRY_VALUES+=(\"$(jsonBoolToYesNo \"$_PERF_AUTO_COLLECTION\")\")\n  fi\n\n  # config.perf_collection_deactivated\n  _PERF_DEACTIVATED=$(getFirebaseJsonKeyValue \"$_JSON_OUTPUT_RAW\" \"perf_collection_deactivated\")\n  if [[ $_PERF_DEACTIVATED ]]; then\n    _PLIST_ENTRY_KEYS+=(\"firebase_performance_collection_deactivated\")\n    _PLIST_ENTRY_TYPES+=(\"bool\")\n    _PLIST_ENTRY_VALUES+=(\"$(jsonBoolToYesNo \"$_PERF_DEACTIVATED\")\")\n  fi\n\n  # config.messaging_auto_init_enabled\n  _MESSAGING_AUTO_INIT=$(getFirebaseJsonKeyValue \"$_JSON_OUTPUT_RAW\" \"messaging_auto_init_enabled\")\n  if [[ $_MESSAGING_AUTO_INIT ]]; then\n    _PLIST_ENTRY_KEYS+=(\"FirebaseMessagingAutoInitEnabled\")\n    _PLIST_ENTRY_TYPES+=(\"bool\")\n    _PLIST_ENTRY_VALUES+=(\"$(jsonBoolToYesNo \"$_MESSAGING_AUTO_INIT\")\")\n  fi\n\n  # config.in_app_messaging_auto_colllection_enabled\n  _FIAM_AUTO_INIT=$(getFirebaseJsonKeyValue \"$_JSON_OUTPUT_RAW\" \"in_app_messaging_auto_collection_enabled\")\n  if [[ $_FIAM_AUTO_INIT ]]; then\n    _PLIST_ENTRY_KEYS+=(\"FirebaseInAppMessagingAutomaticDataCollectionEnabled\")\n    _PLIST_ENTRY_TYPES+=(\"bool\")\n    _PLIST_ENTRY_VALUES+=(\"$(jsonBoolToYesNo \"$_FIAM_AUTO_INIT\")\")\n  fi\n\n  # config.app_check_token_auto_refresh\n  _APP_CHECK_TOKEN_AUTO_REFRESH=$(getFirebaseJsonKeyValue \"$_JSON_OUTPUT_RAW\" \"app_check_token_auto_refresh\")\n  if [[ $_APP_CHECK_TOKEN_AUTO_REFRESH ]]; then\n    _PLIST_ENTRY_KEYS+=(\"FirebaseAppCheckTokenAutoRefreshEnabled\")\n    _PLIST_ENTRY_TYPES+=(\"bool\")\n    _PLIST_ENTRY_VALUES+=(\"$(jsonBoolToYesNo \"$_APP_CHECK_TOKEN_AUTO_REFRESH\")\")\n  fi\n\n  # config.crashlytics_disable_auto_disabler - undocumented for now - mainly for debugging, document if becomes useful\n  _CRASHLYTICS_AUTO_DISABLE_ENABLED=$(getFirebaseJsonKeyValue \"$_JSON_OUTPUT_RAW\" \"crashlytics_disable_auto_disabler\")\n  if [[ $_CRASHLYTICS_AUTO_DISABLE_ENABLED == \"true\" ]]; then\n    echo \"Disabled Crashlytics auto disabler.\" # do nothing\n  else\n    _PLIST_ENTRY_KEYS+=(\"FirebaseCrashlyticsCollectionEnabled\")\n    _PLIST_ENTRY_TYPES+=(\"bool\")\n    _PLIST_ENTRY_VALUES+=(\"NO\")\n  fi\nelse\n  _PLIST_ENTRY_KEYS+=(\"firebase_json_raw\")\n  _PLIST_ENTRY_TYPES+=(\"string\")\n  _PLIST_ENTRY_VALUES+=(\"$_JSON_OUTPUT_BASE64\")\n  echo \"warning:   A firebase.json file was not found, whilst this file is optional it is recommended to include it to configure firebase services in React Native Firebase.\"\nfi;\n\necho \"info: 2) Injecting Info.plist entries: \"\n\n# Log out the keys we're adding\nfor i in \"${!_PLIST_ENTRY_KEYS[@]}\"; do\n  echo \"    ->  $i) ${_PLIST_ENTRY_KEYS[$i]}\" \"${_PLIST_ENTRY_TYPES[$i]}\" \"${_PLIST_ENTRY_VALUES[$i]}\"\ndone\n\nfor plist in \"${_TARGET_PLIST}\" \"${_DSYM_PLIST}\" ; do\n  if [[ -f \"${plist}\" ]]; then\n\n    # paths with spaces break the call to setPlistValue. temporarily modify\n    # the shell internal field separator variable (IFS), which normally\n    # includes spaces, to consist only of line breaks\n    oldifs=$IFS\n    IFS=\"\n\"\n\n    for i in \"${!_PLIST_ENTRY_KEYS[@]}\"; do\n      setPlistValue \"${_PLIST_ENTRY_KEYS[$i]}\" \"${_PLIST_ENTRY_TYPES[$i]}\" \"${_PLIST_ENTRY_VALUES[$i]}\" \"${plist}\"\n    done\n\n    # restore the original internal field separator value\n    IFS=$oldifs\n  else\n    echo \"warning:   A Info.plist build output file was not found (${plist})\"\n  fi\ndone\n\necho \"info: <- RNFB build script finished\"\n";
		};
		B77C8649F8BBB77EB77FD631 /* [CP] Check Pods Manifest.lock */ = {
			isa = PBXShellScriptBuildPhase;
			buildActionMask = 2147483647;
			files = (
			);
			inputFileListPaths = (
			);
			inputPaths = (
				"${PODS_PODFILE_DIR_PATH}/Podfile.lock",
				"${PODS_ROOT}/Manifest.lock",
			);
			name = "[CP] Check Pods Manifest.lock";
			outputFileListPaths = (
			);
			outputPaths = (
				"$(DERIVED_FILE_DIR)/Pods-CarstenzRDemo-CarstenzRDemoTests-checkManifestLockResult.txt",
			);
			runOnlyForDeploymentPostprocessing = 0;
			shellPath = /bin/sh;
			shellScript = "diff \"${PODS_PODFILE_DIR_PATH}/Podfile.lock\" \"${PODS_ROOT}/Manifest.lock\" > /dev/null\nif [ $? != 0 ] ; then\n    # print error to STDERR\n    echo \"error: The sandbox is not in sync with the Podfile.lock. Run 'pod install' or update your CocoaPods installation.\" >&2\n    exit 1\nfi\n# This output is used by Xcode 'outputs' to avoid re-running this script phase.\necho \"SUCCESS\" > \"${SCRIPT_OUTPUT_FILE_0}\"\n";
			showEnvVarsInLog = 0;
		};
		FD10A7F022414F080027D42C /* Start Packager */ = {
			isa = PBXShellScriptBuildPhase;
			buildActionMask = 2147483647;
			files = (
			);
			inputFileListPaths = (
			);
			inputPaths = (
			);
			name = "Start Packager";
			outputFileListPaths = (
			);
			outputPaths = (
			);
			runOnlyForDeploymentPostprocessing = 0;
			shellPath = /bin/sh;
			shellScript = "export RCT_METRO_PORT=\"${RCT_METRO_PORT:=8081}\"\necho \"export RCT_METRO_PORT=${RCT_METRO_PORT}\" > \"${SRCROOT}/../node_modules/react-native/scripts/.packager.env\"\nif [ -z \"${RCT_NO_LAUNCH_PACKAGER+xxx}\" ] ; then\n  if nc -w 5 -z localhost ${RCT_METRO_PORT} ; then\n    if ! curl -s \"http://localhost:${RCT_METRO_PORT}/status\" | grep -q \"packager-status:running\" ; then\n      echo \"Port ${RCT_METRO_PORT} already in use, packager is either not running or not running correctly\"\n      exit 2\n    fi\n  else\n    open \"$SRCROOT/../node_modules/react-native/scripts/launchPackager.command\" || echo \"Can't start packager automatically\"\n  fi\nfi\n";
			showEnvVarsInLog = 0;
		};
		FD94CF223F5E7655F654616F /* [CP] Copy Pods Resources */ = {
			isa = PBXShellScriptBuildPhase;
			buildActionMask = 2147483647;
			files = (
			);
			inputFileListPaths = (
				"${PODS_ROOT}/Target Support Files/Pods-CarstenzRDemo/Pods-CarstenzRDemo-resources-${CONFIGURATION}-input-files.xcfilelist",
			);
			name = "[CP] Copy Pods Resources";
			outputFileListPaths = (
				"${PODS_ROOT}/Target Support Files/Pods-CarstenzRDemo/Pods-CarstenzRDemo-resources-${CONFIGURATION}-output-files.xcfilelist",
			);
			runOnlyForDeploymentPostprocessing = 0;
			shellPath = /bin/sh;
			shellScript = "\"${PODS_ROOT}/Target Support Files/Pods-CarstenzRDemo/Pods-CarstenzRDemo-resources.sh\"\n";
			showEnvVarsInLog = 0;
		};
/* End PBXShellScriptBuildPhase section */

/* Begin PBXSourcesBuildPhase section */
		00E356EA1AD99517003FC87E /* Sources */ = {
			isa = PBXSourcesBuildPhase;
			buildActionMask = 2147483647;
			files = (
				00E356F31AD99517003FC87E /* CarstenzRDemoTests.m in Sources */,
			);
			runOnlyForDeploymentPostprocessing = 0;
		};
		13B07F871A680F5B00A75B9A /* Sources */ = {
			isa = PBXSourcesBuildPhase;
			buildActionMask = 2147483647;
			files = (
				13B07FBC1A68108700A75B9A /* AppDelegate.mm in Sources */,
				13B07FC11A68108700A75B9A /* main.m in Sources */,
			);
			runOnlyForDeploymentPostprocessing = 0;
		};
/* End PBXSourcesBuildPhase section */

/* Begin PBXTargetDependency section */
		00E356F51AD99517003FC87E /* PBXTargetDependency */ = {
			isa = PBXTargetDependency;
			target = 13B07F861A680F5B00A75B9A /* CarstenzRDemo */;
			targetProxy = 00E356F41AD99517003FC87E /* PBXContainerItemProxy */;
		};
/* End PBXTargetDependency section */

/* Begin XCBuildConfiguration section */
		00E356F61AD99517003FC87E /* Debug */ = {
			isa = XCBuildConfiguration;
			baseConfigurationReference = 16399BE7D658992255A44A34 /* Pods-CarstenzRDemo-CarstenzRDemoTests.debug.xcconfig */;
			buildSettings = {
				ALWAYS_EMBED_SWIFT_STANDARD_LIBRARIES = YES;
				BUNDLE_LOADER = "$(TEST_HOST)";
				GCC_PREPROCESSOR_DEFINITIONS = (
					"DEBUG=1",
					"$(inherited)",
				);
				INFOPLIST_FILE = CarstenzRDemoTests/Info.plist;
				IPHONEOS_DEPLOYMENT_TARGET = 12.4;
				LD_RUNPATH_SEARCH_PATHS = (
					"$(inherited)",
					"@executable_path/Frameworks",
					"@loader_path/Frameworks",
				);
				OTHER_LDFLAGS = (
					"-ObjC",
					"-lc++",
					"$(inherited)",
				);
				PRODUCT_BUNDLE_IDENTIFIER = id.co.property365.carstenzresidence;
				PRODUCT_NAME = "$(TARGET_NAME)";
				TEST_HOST = "$(BUILT_PRODUCTS_DIR)/CarstenzRDemo.app/CarstenzRDemo";
			};
			name = Debug;
		};
		00E356F71AD99517003FC87E /* Release */ = {
			isa = XCBuildConfiguration;
			baseConfigurationReference = 92C259E4A1A0F5366D5E3222 /* Pods-CarstenzRDemo-CarstenzRDemoTests.release.xcconfig */;
			buildSettings = {
				ALWAYS_EMBED_SWIFT_STANDARD_LIBRARIES = YES;
				BUNDLE_LOADER = "$(TEST_HOST)";
				COPY_PHASE_STRIP = NO;
				INFOPLIST_FILE = CarstenzRDemoTests/Info.plist;
				IPHONEOS_DEPLOYMENT_TARGET = 12.4;
				LD_RUNPATH_SEARCH_PATHS = (
					"$(inherited)",
					"@executable_path/Frameworks",
					"@loader_path/Frameworks",
				);
				OTHER_LDFLAGS = (
					"-ObjC",
					"-lc++",
					"$(inherited)",
				);
				PRODUCT_BUNDLE_IDENTIFIER = id.co.property365.carstenzresidence;
				PRODUCT_NAME = "$(TARGET_NAME)";
				TEST_HOST = "$(BUILT_PRODUCTS_DIR)/CarstenzRDemo.app/CarstenzRDemo";
			};
			name = Release;
		};
		13B07F941A680F5B00A75B9A /* Debug */ = {
			isa = XCBuildConfiguration;
			baseConfigurationReference = E267DE2DC26802F77E4718B1 /* Pods-CarstenzRDemo.debug.xcconfig */;
			buildSettings = {
				ASSETCATALOG_COMPILER_APPICON_NAME = AppIcon;
				CLANG_ENABLE_MODULES = YES;
				CODE_SIGN_IDENTITY = "Apple Development";
				CODE_SIGN_STYLE = Automatic;
				CURRENT_PROJECT_VERSION = 1;
				DEVELOPMENT_TEAM = C99L922ZVC;
				ENABLE_BITCODE = NO;
				ENABLE_USER_SCRIPT_SANDBOXING = NO;
				INFOPLIST_FILE = CarstenzRDemo/Info.plist;
				INFOPLIST_KEY_CFBundleDisplayName = "Carstenz Residence";
				INFOPLIST_KEY_LSApplicationCategoryType = "public.app-category.lifestyle";
				IPHONEOS_DEPLOYMENT_TARGET = 12.0;
				LD_RUNPATH_SEARCH_PATHS = (
					"$(inherited)",
					"@executable_path/Frameworks",
				);
				MARKETING_VERSION = 0.1;
				OTHER_LDFLAGS = (
					"$(inherited)",
					"-ObjC",
					"-lc++",
				);
				PRODUCT_BUNDLE_IDENTIFIER = id.co.property365.carstenzresidence;
				PRODUCT_NAME = CarstenzRDemo;
				PROVISIONING_PROFILE_SPECIFIER = "";
				SUPPORTED_PLATFORMS = "iphoneos iphonesimulator";
				SUPPORTS_MACCATALYST = NO;
				SUPPORTS_MAC_DESIGNED_FOR_IPHONE_IPAD = NO;
				SUPPORTS_XR_DESIGNED_FOR_IPHONE_IPAD = NO;
				SWIFT_OPTIMIZATION_LEVEL = "-Onone";
				SWIFT_VERSION = 5.0;
				TARGETED_DEVICE_FAMILY = 1;
				VERSIONING_SYSTEM = "apple-generic";
			};
			name = Debug;
		};
		13B07F951A680F5B00A75B9A /* Release */ = {
			isa = XCBuildConfiguration;
			baseConfigurationReference = DB3A8D93810839F97BFC264C /* Pods-CarstenzRDemo.release.xcconfig */;
			buildSettings = {
				ASSETCATALOG_COMPILER_APPICON_NAME = AppIcon;
				CLANG_ENABLE_MODULES = YES;
				CODE_SIGN_IDENTITY = "Apple Development";
				CODE_SIGN_STYLE = Automatic;
				CURRENT_PROJECT_VERSION = 1;
				DEVELOPMENT_TEAM = C99L922ZVC;
				ENABLE_USER_SCRIPT_SANDBOXING = NO;
				INFOPLIST_FILE = CarstenzRDemo/Info.plist;
				INFOPLIST_KEY_CFBundleDisplayName = "Carstenz Residence";
				INFOPLIST_KEY_LSApplicationCategoryType = "public.app-category.lifestyle";
				IPHONEOS_DEPLOYMENT_TARGET = 12.0;
				LD_RUNPATH_SEARCH_PATHS = (
					"$(inherited)",
					"@executable_path/Frameworks",
				);
				MARKETING_VERSION = 0.1;
				OTHER_LDFLAGS = (
					"$(inherited)",
					"-ObjC",
					"-lc++",
				);
				PRODUCT_BUNDLE_IDENTIFIER = id.co.property365.carstenzresidence;
				PRODUCT_NAME = CarstenzRDemo;
				PROVISIONING_PROFILE_SPECIFIER = "";
				SUPPORTED_PLATFORMS = "iphoneos iphonesimulator";
				SUPPORTS_MACCATALYST = NO;
				SUPPORTS_MAC_DESIGNED_FOR_IPHONE_IPAD = NO;
				SUPPORTS_XR_DESIGNED_FOR_IPHONE_IPAD = NO;
				SWIFT_VERSION = 5.0;
				TARGETED_DEVICE_FAMILY = 1;
				VERSIONING_SYSTEM = "apple-generic";
			};
			name = Release;
		};
		83CBBA201A601CBA00E9B192 /* Debug */ = {
			isa = XCBuildConfiguration;
			buildSettings = {
				ALWAYS_SEARCH_USER_PATHS = NO;
				ASSETCATALOG_COMPILER_GENERATE_SWIFT_ASSET_SYMBOL_EXTENSIONS = YES;
				CLANG_ANALYZER_LOCALIZABILITY_NONLOCALIZED = YES;
				CLANG_CXX_LANGUAGE_STANDARD = "c++17";
				CLANG_CXX_LIBRARY = "libc++";
				CLANG_ENABLE_MODULES = YES;
				CLANG_ENABLE_OBJC_ARC = YES;
				CLANG_WARN_BLOCK_CAPTURE_AUTORELEASING = YES;
				CLANG_WARN_BOOL_CONVERSION = YES;
				CLANG_WARN_COMMA = YES;
				CLANG_WARN_CONSTANT_CONVERSION = YES;
				CLANG_WARN_DEPRECATED_OBJC_IMPLEMENTATIONS = YES;
				CLANG_WARN_DIRECT_OBJC_ISA_USAGE = YES_ERROR;
				CLANG_WARN_EMPTY_BODY = YES;
				CLANG_WARN_ENUM_CONVERSION = YES;
				CLANG_WARN_INFINITE_RECURSION = YES;
				CLANG_WARN_INT_CONVERSION = YES;
				CLANG_WARN_NON_LITERAL_NULL_CONVERSION = YES;
				CLANG_WARN_OBJC_IMPLICIT_RETAIN_SELF = YES;
				CLANG_WARN_OBJC_LITERAL_CONVERSION = YES;
				CLANG_WARN_OBJC_ROOT_CLASS = YES_ERROR;
				CLANG_WARN_QUOTED_INCLUDE_IN_FRAMEWORK_HEADER = YES;
				CLANG_WARN_RANGE_LOOP_ANALYSIS = YES;
				CLANG_WARN_STRICT_PROTOTYPES = YES;
				CLANG_WARN_SUSPICIOUS_MOVE = YES;
				CLANG_WARN_UNREACHABLE_CODE = YES;
				CLANG_WARN__DUPLICATE_METHOD_MATCH = YES;
				"CODE_SIGN_IDENTITY[sdk=iphoneos*]" = "iPhone Developer";
				COPY_PHASE_STRIP = NO;
				ENABLE_STRICT_OBJC_MSGSEND = YES;
				ENABLE_TESTABILITY = YES;
				ENABLE_USER_SCRIPT_SANDBOXING = YES;
				"EXCLUDED_ARCHS[sdk=iphonesimulator*]" = i386;
				GCC_C_LANGUAGE_STANDARD = gnu99;
				GCC_DYNAMIC_NO_PIC = NO;
				GCC_NO_COMMON_BLOCKS = YES;
				GCC_OPTIMIZATION_LEVEL = 0;
				GCC_PREPROCESSOR_DEFINITIONS = (
					"DEBUG=1",
					"$(inherited)",
					_LIBCPP_ENABLE_CXX17_REMOVED_UNARY_BINARY_FUNCTION,
				);
				GCC_SYMBOLS_PRIVATE_EXTERN = NO;
				GCC_WARN_64_TO_32_BIT_CONVERSION = YES;
				GCC_WARN_ABOUT_RETURN_TYPE = YES_ERROR;
				GCC_WARN_UNDECLARED_SELECTOR = YES;
				GCC_WARN_UNINITIALIZED_AUTOS = YES_AGGRESSIVE;
				GCC_WARN_UNUSED_FUNCTION = YES;
				GCC_WARN_UNUSED_VARIABLE = YES;
				HEADER_SEARCH_PATHS = (
					"$(inherited)",
					"${PODS_CONFIGURATION_BUILD_DIR}/ReactCommon-Samples/ReactCommon_Samples.framework/Headers",
					"${PODS_CONFIGURATION_BUILD_DIR}/ReactCommon/ReactCommon.framework/Headers/react/nativemodule/core",
					"${PODS_CONFIGURATION_BUILD_DIR}/ReactCommon-Samples/ReactCommon_Samples.framework/Headers/platform/ios",
					"${PODS_CONFIGURATION_BUILD_DIR}/React-NativeModulesApple/React_NativeModulesApple.framework/Headers",
					"${PODS_CONFIGURATION_BUILD_DIR}/React-graphics/React_graphics.framework/Headers/react/renderer/graphics/platform/ios",
				);
				IPHONEOS_DEPLOYMENT_TARGET = 12.4;
				LD_RUNPATH_SEARCH_PATHS = (
					/usr/lib/swift,
					"$(inherited)",
				);
				LIBRARY_SEARCH_PATHS = (
					"\"$(SDKROOT)/usr/lib/swift\"",
					"\"$(TOOLCHAIN_DIR)/usr/lib/swift/$(PLATFORM_NAME)\"",
					"\"$(inherited)\"",
				);
				MTL_ENABLE_DEBUG_INFO = YES;
				ONLY_ACTIVE_ARCH = YES;
				OTHER_CFLAGS = "$(inherited)";
				OTHER_CPLUSPLUSFLAGS = (
					"$(OTHER_CFLAGS)",
					"-DFOLLY_NO_CONFIG",
					"-DFOLLY_MOBILE=1",
					"-DFOLLY_USE_LIBCPP=1",
				);
				OTHER_LDFLAGS = "$(inherited)  ";
				REACT_NATIVE_PATH = "${PODS_ROOT}/../../node_modules/react-native";
				SDKROOT = iphoneos;
			};
			name = Debug;
		};
		83CBBA211A601CBA00E9B192 /* Release */ = {
			isa = XCBuildConfiguration;
			buildSettings = {
				ALWAYS_SEARCH_USER_PATHS = NO;
				ASSETCATALOG_COMPILER_GENERATE_SWIFT_ASSET_SYMBOL_EXTENSIONS = YES;
				CLANG_ANALYZER_LOCALIZABILITY_NONLOCALIZED = YES;
				CLANG_CXX_LANGUAGE_STANDARD = "c++17";
				CLANG_CXX_LIBRARY = "libc++";
				CLANG_ENABLE_MODULES = YES;
				CLANG_ENABLE_OBJC_ARC = YES;
				CLANG_WARN_BLOCK_CAPTURE_AUTORELEASING = YES;
				CLANG_WARN_BOOL_CONVERSION = YES;
				CLANG_WARN_COMMA = YES;
				CLANG_WARN_CONSTANT_CONVERSION = YES;
				CLANG_WARN_DEPRECATED_OBJC_IMPLEMENTATIONS = YES;
				CLANG_WARN_DIRECT_OBJC_ISA_USAGE = YES_ERROR;
				CLANG_WARN_EMPTY_BODY = YES;
				CLANG_WARN_ENUM_CONVERSION = YES;
				CLANG_WARN_INFINITE_RECURSION = YES;
				CLANG_WARN_INT_CONVERSION = YES;
				CLANG_WARN_NON_LITERAL_NULL_CONVERSION = YES;
				CLANG_WARN_OBJC_IMPLICIT_RETAIN_SELF = YES;
				CLANG_WARN_OBJC_LITERAL_CONVERSION = YES;
				CLANG_WARN_OBJC_ROOT_CLASS = YES_ERROR;
				CLANG_WARN_QUOTED_INCLUDE_IN_FRAMEWORK_HEADER = YES;
				CLANG_WARN_RANGE_LOOP_ANALYSIS = YES;
				CLANG_WARN_STRICT_PROTOTYPES = YES;
				CLANG_WARN_SUSPICIOUS_MOVE = YES;
				CLANG_WARN_UNREACHABLE_CODE = YES;
				CLANG_WARN__DUPLICATE_METHOD_MATCH = YES;
				"CODE_SIGN_IDENTITY[sdk=iphoneos*]" = "iPhone Developer";
				COPY_PHASE_STRIP = YES;
				ENABLE_NS_ASSERTIONS = NO;
				ENABLE_STRICT_OBJC_MSGSEND = YES;
				ENABLE_USER_SCRIPT_SANDBOXING = YES;
				"EXCLUDED_ARCHS[sdk=iphonesimulator*]" = i386;
				GCC_C_LANGUAGE_STANDARD = gnu99;
				GCC_NO_COMMON_BLOCKS = YES;
				GCC_PREPROCESSOR_DEFINITIONS = (
					"$(inherited)",
					_LIBCPP_ENABLE_CXX17_REMOVED_UNARY_BINARY_FUNCTION,
				);
				GCC_WARN_64_TO_32_BIT_CONVERSION = YES;
				GCC_WARN_ABOUT_RETURN_TYPE = YES_ERROR;
				GCC_WARN_UNDECLARED_SELECTOR = YES;
				GCC_WARN_UNINITIALIZED_AUTOS = YES_AGGRESSIVE;
				GCC_WARN_UNUSED_FUNCTION = YES;
				GCC_WARN_UNUSED_VARIABLE = YES;
				HEADER_SEARCH_PATHS = (
					"$(inherited)",
					"${PODS_CONFIGURATION_BUILD_DIR}/ReactCommon-Samples/ReactCommon_Samples.framework/Headers",
					"${PODS_CONFIGURATION_BUILD_DIR}/ReactCommon/ReactCommon.framework/Headers/react/nativemodule/core",
					"${PODS_CONFIGURATION_BUILD_DIR}/ReactCommon-Samples/ReactCommon_Samples.framework/Headers/platform/ios",
					"${PODS_CONFIGURATION_BUILD_DIR}/React-NativeModulesApple/React_NativeModulesApple.framework/Headers",
					"${PODS_CONFIGURATION_BUILD_DIR}/React-graphics/React_graphics.framework/Headers/react/renderer/graphics/platform/ios",
				);
				IPHONEOS_DEPLOYMENT_TARGET = 12.4;
				LD_RUNPATH_SEARCH_PATHS = (
					/usr/lib/swift,
					"$(inherited)",
				);
				LIBRARY_SEARCH_PATHS = (
					"\"$(SDKROOT)/usr/lib/swift\"",
					"\"$(TOOLCHAIN_DIR)/usr/lib/swift/$(PLATFORM_NAME)\"",
					"\"$(inherited)\"",
				);
				MTL_ENABLE_DEBUG_INFO = NO;
				OTHER_CFLAGS = "$(inherited)";
				OTHER_CPLUSPLUSFLAGS = (
					"$(OTHER_CFLAGS)",
					"-DFOLLY_NO_CONFIG",
					"-DFOLLY_MOBILE=1",
					"-DFOLLY_USE_LIBCPP=1",
				);
				OTHER_LDFLAGS = "$(inherited)  ";
				REACT_NATIVE_PATH = "${PODS_ROOT}/../../node_modules/react-native";
				SDKROOT = iphoneos;
				VALIDATE_PRODUCT = YES;
			};
			name = Release;
		};
/* End XCBuildConfiguration section */

/* Begin XCConfigurationList section */
		00E357021AD99517003FC87E /* Build configuration list for PBXNativeTarget "CarstenzRDemoTests" */ = {
			isa = XCConfigurationList;
			buildConfigurations = (
				00E356F61AD99517003FC87E /* Debug */,
				00E356F71AD99517003FC87E /* Release */,
			);
			defaultConfigurationIsVisible = 0;
			defaultConfigurationName = Release;
		};
		13B07F931A680F5B00A75B9A /* Build configuration list for PBXNativeTarget "CarstenzRDemo" */ = {
			isa = XCConfigurationList;
			buildConfigurations = (
				13B07F941A680F5B00A75B9A /* Debug */,
				13B07F951A680F5B00A75B9A /* Release */,
			);
			defaultConfigurationIsVisible = 0;
			defaultConfigurationName = Release;
		};
		83CBB9FA1A601CBA00E9B192 /* Build configuration list for PBXProject "CarstenzRDemo" */ = {
			isa = XCConfigurationList;
			buildConfigurations = (
				83CBBA201A601CBA00E9B192 /* Debug */,
				83CBBA211A601CBA00E9B192 /* Release */,
			);
			defaultConfigurationIsVisible = 0;
			defaultConfigurationName = Release;
		};
/* End XCConfigurationList section */

/* Begin XCRemoteSwiftPackageReference section */
		8643540C2C105E6A00C69F68 /* XCRemoteSwiftPackageReference "firebase-ios-sdk" */ = {
			isa = XCRemoteSwiftPackageReference;
			repositoryURL = "https://github.com/firebase/firebase-ios-sdk";
			requirement = {
				kind = upToNextMajorVersion;
				minimumVersion = 10.27.0;
			};
		};
/* End XCRemoteSwiftPackageReference section */
	};
	rootObject = 83CBB9F71A601CBA00E9B192 /* Project object */;
}
